// !$*UTF8*$!
{
	archiveVersion = 1;
	classes = {
	};
	objectVersion = 46;
	objects = {

/* Begin PBXBuildFile section */
		1AC6FB21180E996B004C840B /* libcocos2d Mac.a in Frameworks */ = {isa = PBXBuildFile; fileRef = 1AC6FAF9180E9839004C840B /* libcocos2d Mac.a */; };
		1AC6FB30180E99EB004C840B /* libcocos2d iOS.a in Frameworks */ = {isa = PBXBuildFile; fileRef = 1AC6FB07180E9839004C840B /* libcocos2d iOS.a */; };
		1D60589F0D05DD5A006BFB54 /* Foundation.framework in Frameworks */ = {isa = PBXBuildFile; fileRef = 1D30AB110D05D00D00671497 /* Foundation.framework */; };
		1DF5F4E00D08C38300B7A737 /* UIKit.framework in Frameworks */ = {isa = PBXBuildFile; fileRef = 1DF5F4DF0D08C38300B7A737 /* UIKit.framework */; };
		288765A50DF7441C002DB57D /* CoreGraphics.framework in Frameworks */ = {isa = PBXBuildFile; fileRef = 288765A40DF7441C002DB57D /* CoreGraphics.framework */; };
		46880B8819C43A87006E1F66 /* AppDelegate.cpp in Sources */ = {isa = PBXBuildFile; fileRef = 46880B8419C43A87006E1F66 /* AppDelegate.cpp */; };
		46880B8919C43A87006E1F66 /* AppDelegate.cpp in Sources */ = {isa = PBXBuildFile; fileRef = 46880B8419C43A87006E1F66 /* AppDelegate.cpp */; };
		503AE0F817EB97AB00D1A890 /* Icon.icns in Resources */ = {isa = PBXBuildFile; fileRef = 503AE0F617EB97AB00D1A890 /* Icon.icns */; };
		503AE10017EB989F00D1A890 /* AppController.mm in Sources */ = {isa = PBXBuildFile; fileRef = 503AE0FB17EB989F00D1A890 /* AppController.mm */; };
		503AE10117EB989F00D1A890 /* main.m in Sources */ = {isa = PBXBuildFile; fileRef = 503AE0FC17EB989F00D1A890 /* main.m */; };
		503AE10217EB989F00D1A890 /* RootViewController.mm in Sources */ = {isa = PBXBuildFile; fileRef = 503AE0FF17EB989F00D1A890 /* RootViewController.mm */; };
		503AE10517EB98FF00D1A890 /* main.cpp in Sources */ = {isa = PBXBuildFile; fileRef = 503AE10317EB98FF00D1A890 /* main.cpp */; };
		503AE11B17EB9C5A00D1A890 /* IOKit.framework in Frameworks */ = {isa = PBXBuildFile; fileRef = 503AE11A17EB9C5A00D1A890 /* IOKit.framework */; };
		5087E76317EB910900C73F5D /* Foundation.framework in Frameworks */ = {isa = PBXBuildFile; fileRef = 1D30AB110D05D00D00671497 /* Foundation.framework */; };
		5087E76817EB910900C73F5D /* QuartzCore.framework in Frameworks */ = {isa = PBXBuildFile; fileRef = BF1C47EA1293683800B63C5D /* QuartzCore.framework */; };
		5087E76917EB910900C73F5D /* OpenAL.framework in Frameworks */ = {isa = PBXBuildFile; fileRef = D44C620B132DFF330009C878 /* OpenAL.framework */; };
		5087E76A17EB910900C73F5D /* AVFoundation.framework in Frameworks */ = {isa = PBXBuildFile; fileRef = D44C620D132DFF430009C878 /* AVFoundation.framework */; };
		5087E76B17EB910900C73F5D /* AudioToolbox.framework in Frameworks */ = {isa = PBXBuildFile; fileRef = D44C620F132DFF4E0009C878 /* AudioToolbox.framework */; };
		5087E78917EB974C00C73F5D /* AppKit.framework in Frameworks */ = {isa = PBXBuildFile; fileRef = 5087E78817EB974C00C73F5D /* AppKit.framework */; };
		5087E78B17EB975400C73F5D /* OpenGL.framework in Frameworks */ = {isa = PBXBuildFile; fileRef = 5087E78A17EB975400C73F5D /* OpenGL.framework */; };
		521A8EA919F11F5000D177D7 /* fonts in Resources */ = {isa = PBXBuildFile; fileRef = 521A8EA819F11F5000D177D7 /* fonts */; };
		521A8EAA19F11F5000D177D7 /* fonts in Resources */ = {isa = PBXBuildFile; fileRef = 521A8EA819F11F5000D177D7 /* fonts */; };
		52B47A471A53D09C004E4C60 /* Security.framework in Frameworks */ = {isa = PBXBuildFile; fileRef = 52B47A461A53D09B004E4C60 /* Security.framework */; };
		8F0E4B291BB09B1D00705159 /* example_MultiTexture.fsh in Resources */ = {isa = PBXBuildFile; fileRef = 8F0E4B281BB09B1D00705159 /* example_MultiTexture.fsh */; };
		8F0E4B2A1BB09B1D00705159 /* example_MultiTexture.fsh in Resources */ = {isa = PBXBuildFile; fileRef = 8F0E4B281BB09B1D00705159 /* example_MultiTexture.fsh */; };
		8F108B171AF820ED00580096 /* GreatPixel.cpp in Sources */ = {isa = PBXBuildFile; fileRef = 8F108B161AF820ED00580096 /* GreatPixel.cpp */; };
		8F108B181AF820ED00580096 /* GreatPixel.cpp in Sources */ = {isa = PBXBuildFile; fileRef = 8F108B161AF820ED00580096 /* GreatPixel.cpp */; };
		8F108B1A1AF8241900580096 /* CellDescriptor.cpp in Sources */ = {isa = PBXBuildFile; fileRef = 8F108B191AF8241900580096 /* CellDescriptor.cpp */; };
		8F108B1B1AF8241900580096 /* CellDescriptor.cpp in Sources */ = {isa = PBXBuildFile; fileRef = 8F108B191AF8241900580096 /* CellDescriptor.cpp */; };
		8F108B1F1AF8272100580096 /* CellShapes.cpp in Sources */ = {isa = PBXBuildFile; fileRef = 8F108B1D1AF8272100580096 /* CellShapes.cpp */; };
		8F108B201AF8272100580096 /* CellShapes.cpp in Sources */ = {isa = PBXBuildFile; fileRef = 8F108B1D1AF8272100580096 /* CellShapes.cpp */; };
		8F12C2261ADEFF3100C14BBE /* MainMenu.csb in Resources */ = {isa = PBXBuildFile; fileRef = 8F12C2211ADEFF3100C14BBE /* MainMenu.csb */; };
		8F12C2271ADEFF3100C14BBE /* MainMenu.csb in Resources */ = {isa = PBXBuildFile; fileRef = 8F12C2211ADEFF3100C14BBE /* MainMenu.csb */; };
		8F12C2281ADEFF3100C14BBE /* button.png in Resources */ = {isa = PBXBuildFile; fileRef = 8F12C2221ADEFF3100C14BBE /* button.png */; };
		8F12C2291ADEFF3100C14BBE /* button.png in Resources */ = {isa = PBXBuildFile; fileRef = 8F12C2221ADEFF3100C14BBE /* button.png */; };
		8F12C22A1ADEFF3100C14BBE /* buttonDis.png in Resources */ = {isa = PBXBuildFile; fileRef = 8F12C2231ADEFF3100C14BBE /* buttonDis.png */; };
		8F12C22B1ADEFF3100C14BBE /* buttonDis.png in Resources */ = {isa = PBXBuildFile; fileRef = 8F12C2231ADEFF3100C14BBE /* buttonDis.png */; };
		8F12C22C1ADEFF3100C14BBE /* buttonHl.png in Resources */ = {isa = PBXBuildFile; fileRef = 8F12C2241ADEFF3100C14BBE /* buttonHl.png */; };
		8F12C22D1ADEFF3100C14BBE /* buttonHl.png in Resources */ = {isa = PBXBuildFile; fileRef = 8F12C2241ADEFF3100C14BBE /* buttonHl.png */; };
		8F12C22E1ADEFF3100C14BBE /* prsv.png in Resources */ = {isa = PBXBuildFile; fileRef = 8F12C2251ADEFF3100C14BBE /* prsv.png */; };
		8F12C22F1ADEFF3100C14BBE /* prsv.png in Resources */ = {isa = PBXBuildFile; fileRef = 8F12C2251ADEFF3100C14BBE /* prsv.png */; };
		8F12C2321ADEFF5300C14BBE /* MainMenu.cpp in Sources */ = {isa = PBXBuildFile; fileRef = 8F12C2301ADEFF5300C14BBE /* MainMenu.cpp */; };
		8F12C2331ADEFF5300C14BBE /* MainMenu.cpp in Sources */ = {isa = PBXBuildFile; fileRef = 8F12C2301ADEFF5300C14BBE /* MainMenu.cpp */; };
		8F12C2361ADF047100C14BBE /* menuButton_hl.png in Resources */ = {isa = PBXBuildFile; fileRef = 8F12C2341ADF047100C14BBE /* menuButton_hl.png */; };
		8F12C2371ADF047100C14BBE /* menuButton_hl.png in Resources */ = {isa = PBXBuildFile; fileRef = 8F12C2341ADF047100C14BBE /* menuButton_hl.png */; };
		8F12C2381ADF047100C14BBE /* menuButton.png in Resources */ = {isa = PBXBuildFile; fileRef = 8F12C2351ADF047100C14BBE /* menuButton.png */; };
		8F12C2391ADF047100C14BBE /* menuButton.png in Resources */ = {isa = PBXBuildFile; fileRef = 8F12C2351ADF047100C14BBE /* menuButton.png */; };
		8F1B88C11DBAAD9F006F2CAE /* ShapesGenerator.cpp in Sources */ = {isa = PBXBuildFile; fileRef = 8F1B88BF1DBAAD9F006F2CAE /* ShapesGenerator.cpp */; };
		8F1B88C21DBAAD9F006F2CAE /* ShapesGenerator.cpp in Sources */ = {isa = PBXBuildFile; fileRef = 8F1B88BF1DBAAD9F006F2CAE /* ShapesGenerator.cpp */; };
		8F473DD11E68BA790030CD52 /* AmorphCellContext.cpp in Sources */ = {isa = PBXBuildFile; fileRef = 8F473DCF1E68BA790030CD52 /* AmorphCellContext.cpp */; };
		8F473DD21E68BA790030CD52 /* AmorphCellContext.cpp in Sources */ = {isa = PBXBuildFile; fileRef = 8F473DCF1E68BA790030CD52 /* AmorphCellContext.cpp */; };
		8F473DD51E68BAF10030CD52 /* CellContext.cpp in Sources */ = {isa = PBXBuildFile; fileRef = 8F473DD31E68BAF10030CD52 /* CellContext.cpp */; };
		8F473DD61E68BAF10030CD52 /* CellContext.cpp in Sources */ = {isa = PBXBuildFile; fileRef = 8F473DD31E68BAF10030CD52 /* CellContext.cpp */; };
		8F48DE6F1AB676B50075D222 /* MainScene.cpp in Sources */ = {isa = PBXBuildFile; fileRef = 8F48DE611AB676B50075D222 /* MainScene.cpp */; };
		8F48DE701AB676B50075D222 /* MainScene.cpp in Sources */ = {isa = PBXBuildFile; fileRef = 8F48DE611AB676B50075D222 /* MainScene.cpp */; };
		8F48DE711AB676B50075D222 /* PixelWorld.cpp in Sources */ = {isa = PBXBuildFile; fileRef = 8F48DE641AB676B50075D222 /* PixelWorld.cpp */; };
		8F48DE721AB676B50075D222 /* PixelWorld.cpp in Sources */ = {isa = PBXBuildFile; fileRef = 8F48DE641AB676B50075D222 /* PixelWorld.cpp */; };
		8F48DE7D1AB7797B0075D222 /* Images.xcassets in Resources */ = {isa = PBXBuildFile; fileRef = 8F48DE7C1AB7797B0075D222 /* Images.xcassets */; };
		8F4991FC1DBC0C2D00480F13 /* glow_white.png in Resources */ = {isa = PBXBuildFile; fileRef = 8F4991FB1DBC0C2D00480F13 /* glow_white.png */; };
		8F4991FD1DBC0C2D00480F13 /* glow_white.png in Resources */ = {isa = PBXBuildFile; fileRef = 8F4991FB1DBC0C2D00480F13 /* glow_white.png */; };
		8F4992001DBC0CCB00480F13 /* StaticLightsSprite.cpp in Sources */ = {isa = PBXBuildFile; fileRef = 8F4991FE1DBC0CCB00480F13 /* StaticLightsSprite.cpp */; };
		8F4992011DBC0CCB00480F13 /* StaticLightsSprite.cpp in Sources */ = {isa = PBXBuildFile; fileRef = 8F4991FE1DBC0CCB00480F13 /* StaticLightsSprite.cpp */; };
		8F62882A1AD19D8600526404 /* speed1_hl.png in Resources */ = {isa = PBXBuildFile; fileRef = 8F62881D1AD19D8600526404 /* speed1_hl.png */; };
		8F62882B1AD19D8600526404 /* speed1_hl.png in Resources */ = {isa = PBXBuildFile; fileRef = 8F62881D1AD19D8600526404 /* speed1_hl.png */; };
		8F62882C1AD19D8600526404 /* speed1_sel.png in Resources */ = {isa = PBXBuildFile; fileRef = 8F62881E1AD19D8600526404 /* speed1_sel.png */; };
		8F62882D1AD19D8600526404 /* speed1_sel.png in Resources */ = {isa = PBXBuildFile; fileRef = 8F62881E1AD19D8600526404 /* speed1_sel.png */; };
		8F62882E1AD19D8600526404 /* speed1.png in Resources */ = {isa = PBXBuildFile; fileRef = 8F62881F1AD19D8600526404 /* speed1.png */; };
		8F62882F1AD19D8600526404 /* speed1.png in Resources */ = {isa = PBXBuildFile; fileRef = 8F62881F1AD19D8600526404 /* speed1.png */; };
		8F6288301AD19D8600526404 /* speed2_hl.png in Resources */ = {isa = PBXBuildFile; fileRef = 8F6288201AD19D8600526404 /* speed2_hl.png */; };
		8F6288311AD19D8600526404 /* speed2_hl.png in Resources */ = {isa = PBXBuildFile; fileRef = 8F6288201AD19D8600526404 /* speed2_hl.png */; };
		8F6288321AD19D8600526404 /* speed2_sel.png in Resources */ = {isa = PBXBuildFile; fileRef = 8F6288211AD19D8600526404 /* speed2_sel.png */; };
		8F6288331AD19D8600526404 /* speed2_sel.png in Resources */ = {isa = PBXBuildFile; fileRef = 8F6288211AD19D8600526404 /* speed2_sel.png */; };
		8F6288341AD19D8600526404 /* speed2.png in Resources */ = {isa = PBXBuildFile; fileRef = 8F6288221AD19D8600526404 /* speed2.png */; };
		8F6288351AD19D8600526404 /* speed2.png in Resources */ = {isa = PBXBuildFile; fileRef = 8F6288221AD19D8600526404 /* speed2.png */; };
		8F6288361AD19D8600526404 /* speed10_hl.png in Resources */ = {isa = PBXBuildFile; fileRef = 8F6288231AD19D8600526404 /* speed10_hl.png */; };
		8F6288371AD19D8600526404 /* speed10_hl.png in Resources */ = {isa = PBXBuildFile; fileRef = 8F6288231AD19D8600526404 /* speed10_hl.png */; };
		8F6288381AD19D8600526404 /* speed10_sel.png in Resources */ = {isa = PBXBuildFile; fileRef = 8F6288241AD19D8600526404 /* speed10_sel.png */; };
		8F6288391AD19D8600526404 /* speed10_sel.png in Resources */ = {isa = PBXBuildFile; fileRef = 8F6288241AD19D8600526404 /* speed10_sel.png */; };
		8F62883A1AD19D8600526404 /* speed10.png in Resources */ = {isa = PBXBuildFile; fileRef = 8F6288251AD19D8600526404 /* speed10.png */; };
		8F62883B1AD19D8600526404 /* speed10.png in Resources */ = {isa = PBXBuildFile; fileRef = 8F6288251AD19D8600526404 /* speed10.png */; };
		8F906BBD1ABE099600A8EF90 /* mapBackground.png in Resources */ = {isa = PBXBuildFile; fileRef = 8F906BBC1ABE099600A8EF90 /* mapBackground.png */; };
		8F906BBE1ABE099600A8EF90 /* mapBackground.png in Resources */ = {isa = PBXBuildFile; fileRef = 8F906BBC1ABE099600A8EF90 /* mapBackground.png */; };
		8F906BC11ABE186500A8EF90 /* CellsLogic.cpp in Sources */ = {isa = PBXBuildFile; fileRef = 8F906BBF1ABE186500A8EF90 /* CellsLogic.cpp */; };
		8F906BC21ABE186500A8EF90 /* CellsLogic.cpp in Sources */ = {isa = PBXBuildFile; fileRef = 8F906BBF1ABE186500A8EF90 /* CellsLogic.cpp */; };
		8FAFB1221ABE35220006A0E7 /* Images.xcassets in Resources */ = {isa = PBXBuildFile; fileRef = 8F48DE7C1AB7797B0075D222 /* Images.xcassets */; };
		8FB7C3E31BA495AE00194722 /* LoadingScene.cpp in Sources */ = {isa = PBXBuildFile; fileRef = 8FB7C3E11BA495AE00194722 /* LoadingScene.cpp */; };
		8FB7C3E41BA495AE00194722 /* LoadingScene.cpp in Sources */ = {isa = PBXBuildFile; fileRef = 8FB7C3E11BA495AE00194722 /* LoadingScene.cpp */; };
		8FB7C3E91BA49E3D00194722 /* font.png in Resources */ = {isa = PBXBuildFile; fileRef = 8FB7C3E81BA49E3D00194722 /* font.png */; };
		8FB7C3EA1BA49E3D00194722 /* font.png in Resources */ = {isa = PBXBuildFile; fileRef = 8FB7C3E81BA49E3D00194722 /* font.png */; };
		8FB7C3ED1BA4A69500194722 /* AsyncMapLoader.cpp in Sources */ = {isa = PBXBuildFile; fileRef = 8FB7C3EB1BA4A69500194722 /* AsyncMapLoader.cpp */; };
		8FB7C3EE1BA4A69500194722 /* AsyncMapLoader.cpp in Sources */ = {isa = PBXBuildFile; fileRef = 8FB7C3EB1BA4A69500194722 /* AsyncMapLoader.cpp */; };
		8FBF24FE1DB8CFBE00AE7991 /* CellCanvasSprite.cpp in Sources */ = {isa = PBXBuildFile; fileRef = 8FBF24E71DB8CFBE00AE7991 /* CellCanvasSprite.cpp */; };
		8FBF24FF1DB8CFBE00AE7991 /* CellShapesHelper.cpp in Sources */ = {isa = PBXBuildFile; fileRef = 8FBF24E91DB8CFBE00AE7991 /* CellShapesHelper.cpp */; };
		8FBF25021DB8CFBE00AE7991 /* ObjectContext.cpp in Sources */ = {isa = PBXBuildFile; fileRef = 8FBF24F01DB8CFBE00AE7991 /* ObjectContext.cpp */; };
		8FBF25051DB8CFBE00AE7991 /* SharedUIData.cpp in Sources */ = {isa = PBXBuildFile; fileRef = 8FBF24F71DB8CFBE00AE7991 /* SharedUIData.cpp */; };
		8FBF25071DB8CFBE00AE7991 /* TestSampleShapesScene.cpp in Sources */ = {isa = PBXBuildFile; fileRef = 8FBF24FC1DB8CFBE00AE7991 /* TestSampleShapesScene.cpp */; };
		8FBF25081DB8D05000AE7991 /* ObjectContext.cpp in Sources */ = {isa = PBXBuildFile; fileRef = 8FBF24F01DB8CFBE00AE7991 /* ObjectContext.cpp */; };
		8FBF250C1DB8D05F00AE7991 /* TestSampleShapesScene.cpp in Sources */ = {isa = PBXBuildFile; fileRef = 8FBF24FC1DB8CFBE00AE7991 /* TestSampleShapesScene.cpp */; };
		8FBF250D1DB8D06600AE7991 /* SharedUIData.cpp in Sources */ = {isa = PBXBuildFile; fileRef = 8FBF24F71DB8CFBE00AE7991 /* SharedUIData.cpp */; };
		8FBF250E1DB8D07600AE7991 /* CellShapesHelper.cpp in Sources */ = {isa = PBXBuildFile; fileRef = 8FBF24E91DB8CFBE00AE7991 /* CellShapesHelper.cpp */; };
		8FBF250F1DB8D09600AE7991 /* CellCanvasSprite.cpp in Sources */ = {isa = PBXBuildFile; fileRef = 8FBF24E71DB8CFBE00AE7991 /* CellCanvasSprite.cpp */; };
		8FBF25121DB8D0C400AE7991 /* blank.png in Resources */ = {isa = PBXBuildFile; fileRef = 8FBF25101DB8D0C400AE7991 /* blank.png */; };
		8FBF25141DB8D15400AE7991 /* blank.png in Resources */ = {isa = PBXBuildFile; fileRef = 8FBF25101DB8D0C400AE7991 /* blank.png */; };
		8FBF251C1DB935E100AE7991 /* ShapeAnalizer.cpp in Sources */ = {isa = PBXBuildFile; fileRef = 8FBF251A1DB935E100AE7991 /* ShapeAnalizer.cpp */; };
		8FBF251D1DB935E100AE7991 /* ShapeAnalizer.cpp in Sources */ = {isa = PBXBuildFile; fileRef = 8FBF251A1DB935E100AE7991 /* ShapeAnalizer.cpp */; };
		8FBF25221DBA882000AE7991 /* GenomsGenerator.cpp in Sources */ = {isa = PBXBuildFile; fileRef = 8FBF25201DBA882000AE7991 /* GenomsGenerator.cpp */; };
		8FBF25231DBA882000AE7991 /* GenomsGenerator.cpp in Sources */ = {isa = PBXBuildFile; fileRef = 8FBF25201DBA882000AE7991 /* GenomsGenerator.cpp */; };
		8FBF25261DBA891E00AE7991 /* PixelMap.cpp in Sources */ = {isa = PBXBuildFile; fileRef = 8FBF25241DBA891E00AE7991 /* PixelMap.cpp */; };
		8FBF25271DBA891E00AE7991 /* PixelMap.cpp in Sources */ = {isa = PBXBuildFile; fileRef = 8FBF25241DBA891E00AE7991 /* PixelMap.cpp */; };
		8FC07C461E68CE54008780CE /* WorldUpdateResult.cpp in Sources */ = {isa = PBXBuildFile; fileRef = 8FC07C451E68CE54008780CE /* WorldUpdateResult.cpp */; };
		8FC07C471E68CE54008780CE /* WorldUpdateResult.cpp in Sources */ = {isa = PBXBuildFile; fileRef = 8FC07C451E68CE54008780CE /* WorldUpdateResult.cpp */; };
		8FC07C4C1E68D57C008780CE /* libz.tbd in Frameworks */ = {isa = PBXBuildFile; fileRef = 8FC07C4B1E68D57C008780CE /* libz.tbd */; };
		8FC07C571E6B5009008780CE /* PartialMapsManager.cpp in Sources */ = {isa = PBXBuildFile; fileRef = 8FC07C551E6B5009008780CE /* PartialMapsManager.cpp */; };
		8FC07C581E6B5009008780CE /* PartialMapsManager.cpp in Sources */ = {isa = PBXBuildFile; fileRef = 8FC07C551E6B5009008780CE /* PartialMapsManager.cpp */; };
		8FC07C591E6B6EEB008780CE /* PartialMap.cpp in Sources */ = {isa = PBXBuildFile; fileRef = 8FC07C481E68D0F8008780CE /* PartialMap.cpp */; };
		8FC07C5A1E6B6EEB008780CE /* PartialMap.cpp in Sources */ = {isa = PBXBuildFile; fileRef = 8FC07C481E68D0F8008780CE /* PartialMap.cpp */; };
		8FC07C5D1E6C78BD008780CE /* SpriteBatch.cpp in Sources */ = {isa = PBXBuildFile; fileRef = 8FC07C5B1E6C78BD008780CE /* SpriteBatch.cpp */; };
		8FC07C5E1E6C78BD008780CE /* SpriteBatch.cpp in Sources */ = {isa = PBXBuildFile; fileRef = 8FC07C5B1E6C78BD008780CE /* SpriteBatch.cpp */; };
		8FDE8CC71B1BCFFB000EE52C /* PhysicalDescriptor.cpp in Sources */ = {isa = PBXBuildFile; fileRef = 8FDE8CC51B1BCFFB000EE52C /* PhysicalDescriptor.cpp */; };
		8FDE8CC81B1BCFFB000EE52C /* PhysicalDescriptor.cpp in Sources */ = {isa = PBXBuildFile; fileRef = 8FDE8CC51B1BCFFB000EE52C /* PhysicalDescriptor.cpp */; };
		8FDE8CCB1B232531000EE52C /* ShaderLayer.cpp in Sources */ = {isa = PBXBuildFile; fileRef = 8FDE8CC91B232531000EE52C /* ShaderLayer.cpp */; };
		8FDE8CCC1B232531000EE52C /* ShaderLayer.cpp in Sources */ = {isa = PBXBuildFile; fileRef = 8FDE8CC91B232531000EE52C /* ShaderLayer.cpp */; };
		8FDE8CCF1B2325D8000EE52C /* game.glsl in Resources */ = {isa = PBXBuildFile; fileRef = 8FDE8CCD1B2325D8000EE52C /* game.glsl */; };
		8FDE8CD01B2325D8000EE52C /* game.glsl in Resources */ = {isa = PBXBuildFile; fileRef = 8FDE8CCD1B2325D8000EE52C /* game.glsl */; };
		8FDE8CD11B2325D8000EE52C /* generic.vsh in Resources */ = {isa = PBXBuildFile; fileRef = 8FDE8CCE1B2325D8000EE52C /* generic.vsh */; };
		8FDE8CD21B2325D8000EE52C /* generic.vsh in Resources */ = {isa = PBXBuildFile; fileRef = 8FDE8CCE1B2325D8000EE52C /* generic.vsh */; };
		8FDE8CE31B23793E000EE52C /* UIConfig.cpp in Sources */ = {isa = PBXBuildFile; fileRef = 8FDE8CE21B23793E000EE52C /* UIConfig.cpp */; };
		8FDE8CE41B23793E000EE52C /* UIConfig.cpp in Sources */ = {isa = PBXBuildFile; fileRef = 8FDE8CE21B23793E000EE52C /* UIConfig.cpp */; };
		8FDE8CE71B237A29000EE52C /* UICommon.cpp in Sources */ = {isa = PBXBuildFile; fileRef = 8FDE8CE51B237A29000EE52C /* UICommon.cpp */; };
		8FDE8CE81B237A29000EE52C /* UICommon.cpp in Sources */ = {isa = PBXBuildFile; fileRef = 8FDE8CE51B237A29000EE52C /* UICommon.cpp */; };
		8FDE8CED1B237DF0000EE52C /* StaticLightsLayer.cpp in Sources */ = {isa = PBXBuildFile; fileRef = 8FDE8CEC1B237DF0000EE52C /* StaticLightsLayer.cpp */; };
		8FDE8CEE1B237DF0000EE52C /* StaticLightsLayer.cpp in Sources */ = {isa = PBXBuildFile; fileRef = 8FDE8CEC1B237DF0000EE52C /* StaticLightsLayer.cpp */; };
		8FDE8CF21B23AD8A000EE52C /* DynamicLightsLayer.cpp in Sources */ = {isa = PBXBuildFile; fileRef = 8FDE8CF01B23AD8A000EE52C /* DynamicLightsLayer.cpp */; };
		8FDE8CF31B23AD8A000EE52C /* DynamicLightsLayer.cpp in Sources */ = {isa = PBXBuildFile; fileRef = 8FDE8CF01B23AD8A000EE52C /* DynamicLightsLayer.cpp */; };
		8FDE8CF51B23B0A6000EE52C /* glow.png in Resources */ = {isa = PBXBuildFile; fileRef = 8FDE8CF41B23B0A6000EE52C /* glow.png */; };
		8FDE8CF61B23B0A6000EE52C /* glow.png in Resources */ = {isa = PBXBuildFile; fileRef = 8FDE8CF41B23B0A6000EE52C /* glow.png */; };
		8FDE8CF91B2447BC000EE52C /* Map.cpp in Sources */ = {isa = PBXBuildFile; fileRef = 8FDE8CF71B2447BC000EE52C /* Map.cpp */; };
		8FDE8CFA1B2447BC000EE52C /* Map.cpp in Sources */ = {isa = PBXBuildFile; fileRef = 8FDE8CF71B2447BC000EE52C /* Map.cpp */; };
		8FDE8CFD1B2462F4000EE52C /* Viewport.cpp in Sources */ = {isa = PBXBuildFile; fileRef = 8FDE8CFB1B2462F4000EE52C /* Viewport.cpp */; };
		8FDE8CFE1B2462F4000EE52C /* Viewport.cpp in Sources */ = {isa = PBXBuildFile; fileRef = 8FDE8CFB1B2462F4000EE52C /* Viewport.cpp */; };
		8FEFC74D1AD058FC001E97A7 /* cursor.png in Resources */ = {isa = PBXBuildFile; fileRef = 8FEFC74C1AD058FC001E97A7 /* cursor.png */; };
		8FEFC74E1AD058FC001E97A7 /* cursor.png in Resources */ = {isa = PBXBuildFile; fileRef = 8FEFC74C1AD058FC001E97A7 /* cursor.png */; };
		8FEFC7661AD07542001E97A7 /* restartButton_hl.png in Resources */ = {isa = PBXBuildFile; fileRef = 8FEFC75E1AD07542001E97A7 /* restartButton_hl.png */; };
		8FEFC7671AD07542001E97A7 /* restartButton_hl.png in Resources */ = {isa = PBXBuildFile; fileRef = 8FEFC75E1AD07542001E97A7 /* restartButton_hl.png */; };
		8FEFC7681AD07542001E97A7 /* restartButton.png in Resources */ = {isa = PBXBuildFile; fileRef = 8FEFC75F1AD07542001E97A7 /* restartButton.png */; };
		8FEFC7691AD07542001E97A7 /* restartButton.png in Resources */ = {isa = PBXBuildFile; fileRef = 8FEFC75F1AD07542001E97A7 /* restartButton.png */; };
		8FF2213D1B7BDBF700E911ED /* Common.cpp in Sources */ = {isa = PBXBuildFile; fileRef = 8FF2213C1B7BDBF700E911ED /* Common.cpp */; };
		8FF2213E1B7BDBF700E911ED /* Common.cpp in Sources */ = {isa = PBXBuildFile; fileRef = 8FF2213C1B7BDBF700E911ED /* Common.cpp */; };
		8FFE7FE41B9F522D008D2289 /* TerrainAnalizer.cpp in Sources */ = {isa = PBXBuildFile; fileRef = 8FFE7FE01B9F522C008D2289 /* TerrainAnalizer.cpp */; };
		8FFE7FE51B9F522D008D2289 /* TerrainAnalizer.cpp in Sources */ = {isa = PBXBuildFile; fileRef = 8FFE7FE01B9F522C008D2289 /* TerrainAnalizer.cpp */; };
		8FFE7FE61B9F522D008D2289 /* TerrainBatchSprite.cpp in Sources */ = {isa = PBXBuildFile; fileRef = 8FFE7FE21B9F522D008D2289 /* TerrainBatchSprite.cpp */; };
		8FFE7FE71B9F522D008D2289 /* TerrainBatchSprite.cpp in Sources */ = {isa = PBXBuildFile; fileRef = 8FFE7FE21B9F522D008D2289 /* TerrainBatchSprite.cpp */; };
		8FFE7FEA1B9F524B008D2289 /* DiamondSquareGenerator.cpp in Sources */ = {isa = PBXBuildFile; fileRef = 8FFE7FE81B9F524B008D2289 /* DiamondSquareGenerator.cpp */; };
		8FFE7FEB1B9F524B008D2289 /* DiamondSquareGenerator.cpp in Sources */ = {isa = PBXBuildFile; fileRef = 8FFE7FE81B9F524B008D2289 /* DiamondSquareGenerator.cpp */; };
		8FFE7FED1B9F52B0008D2289 /* ground.png in Resources */ = {isa = PBXBuildFile; fileRef = 8FFE7FEC1B9F52B0008D2289 /* ground.png */; };
		8FFE7FEE1B9F52B0008D2289 /* ground.png in Resources */ = {isa = PBXBuildFile; fileRef = 8FFE7FEC1B9F52B0008D2289 /* ground.png */; };
		BF171245129291EC00B8313A /* OpenGLES.framework in Frameworks */ = {isa = PBXBuildFile; fileRef = BF170DB012928DE900B8313A /* OpenGLES.framework */; };
		BF1712471292920000B8313A /* libz.dylib in Frameworks */ = {isa = PBXBuildFile; fileRef = BF170DB412928DE900B8313A /* libz.dylib */; };
		BF1C47F01293687400B63C5D /* QuartzCore.framework in Frameworks */ = {isa = PBXBuildFile; fileRef = BF1C47EA1293683800B63C5D /* QuartzCore.framework */; };
		D44C620C132DFF330009C878 /* OpenAL.framework in Frameworks */ = {isa = PBXBuildFile; fileRef = D44C620B132DFF330009C878 /* OpenAL.framework */; };
		D44C620E132DFF430009C878 /* AVFoundation.framework in Frameworks */ = {isa = PBXBuildFile; fileRef = D44C620D132DFF430009C878 /* AVFoundation.framework */; };
		D44C6210132DFF4E0009C878 /* AudioToolbox.framework in Frameworks */ = {isa = PBXBuildFile; fileRef = D44C620F132DFF4E0009C878 /* AudioToolbox.framework */; };
		D6B0611B1803AB670077942B /* CoreMotion.framework in Frameworks */ = {isa = PBXBuildFile; fileRef = D6B0611A1803AB670077942B /* CoreMotion.framework */; };
/* End PBXBuildFile section */

/* Begin PBXContainerItemProxy section */
		1AC6FAF8180E9839004C840B /* PBXContainerItemProxy */ = {
			isa = PBXContainerItemProxy;
			containerPortal = 1AC6FAE5180E9839004C840B /* cocos2d_libs.xcodeproj */;
			proxyType = 2;
			remoteGlobalIDString = 1551A33F158F2AB200E66CFE;
			remoteInfo = "cocos2dx Mac";
		};
		1AC6FB06180E9839004C840B /* PBXContainerItemProxy */ = {
			isa = PBXContainerItemProxy;
			containerPortal = 1AC6FAE5180E9839004C840B /* cocos2d_libs.xcodeproj */;
			proxyType = 2;
			remoteGlobalIDString = A07A4D641783777C0073F6A7;
			remoteInfo = "cocos2dx iOS";
		};
		1AC6FB15180E9959004C840B /* PBXContainerItemProxy */ = {
			isa = PBXContainerItemProxy;
			containerPortal = 1AC6FAE5180E9839004C840B /* cocos2d_libs.xcodeproj */;
			proxyType = 1;
			remoteGlobalIDString = 1551A33E158F2AB200E66CFE;
			remoteInfo = "cocos2dx Mac";
		};
		1AC6FB24180E99E1004C840B /* PBXContainerItemProxy */ = {
			isa = PBXContainerItemProxy;
			containerPortal = 1AC6FAE5180E9839004C840B /* cocos2d_libs.xcodeproj */;
			proxyType = 1;
			remoteGlobalIDString = A07A4C241783777C0073F6A7;
			remoteInfo = "cocos2dx iOS";
		};
/* End PBXContainerItemProxy section */

/* Begin PBXFileReference section */
		1AC6FAE5180E9839004C840B /* cocos2d_libs.xcodeproj */ = {isa = PBXFileReference; lastKnownFileType = "wrapper.pb-project"; name = cocos2d_libs.xcodeproj; path = ../cocos2d/build/cocos2d_libs.xcodeproj; sourceTree = "<group>"; };
		1ACB3243164770DE00914215 /* libcurl.a */ = {isa = PBXFileReference; lastKnownFileType = archive.ar; name = libcurl.a; path = ../../cocos2dx/platform/third_party/ios/libraries/libcurl.a; sourceTree = "<group>"; };
		1D30AB110D05D00D00671497 /* Foundation.framework */ = {isa = PBXFileReference; lastKnownFileType = wrapper.framework; name = Foundation.framework; path = System/Library/Frameworks/Foundation.framework; sourceTree = SDKROOT; };
		1D6058910D05DD3D006BFB54 /* Komorki iOS.app */ = {isa = PBXFileReference; explicitFileType = wrapper.application; includeInIndex = 0; path = "Komorki iOS.app"; sourceTree = BUILT_PRODUCTS_DIR; };
		1DF5F4DF0D08C38300B7A737 /* UIKit.framework */ = {isa = PBXFileReference; lastKnownFileType = wrapper.framework; name = UIKit.framework; path = System/Library/Frameworks/UIKit.framework; sourceTree = SDKROOT; };
		288765A40DF7441C002DB57D /* CoreGraphics.framework */ = {isa = PBXFileReference; lastKnownFileType = wrapper.framework; name = CoreGraphics.framework; path = System/Library/Frameworks/CoreGraphics.framework; sourceTree = SDKROOT; };
		46880B8419C43A87006E1F66 /* AppDelegate.cpp */ = {isa = PBXFileReference; fileEncoding = 4; lastKnownFileType = sourcecode.cpp.cpp; path = AppDelegate.cpp; sourceTree = "<group>"; };
		46880B8519C43A87006E1F66 /* AppDelegate.h */ = {isa = PBXFileReference; fileEncoding = 4; lastKnownFileType = sourcecode.c.h; path = AppDelegate.h; sourceTree = "<group>"; };
		503AE0F617EB97AB00D1A890 /* Icon.icns */ = {isa = PBXFileReference; lastKnownFileType = image.icns; path = Icon.icns; sourceTree = "<group>"; };
		503AE0F717EB97AB00D1A890 /* Info.plist */ = {isa = PBXFileReference; fileEncoding = 4; lastKnownFileType = text.plist.xml; path = Info.plist; sourceTree = "<group>"; };
		503AE0FA17EB989F00D1A890 /* AppController.h */ = {isa = PBXFileReference; fileEncoding = 4; lastKnownFileType = sourcecode.c.h; name = AppController.h; path = ios/AppController.h; sourceTree = SOURCE_ROOT; };
		503AE0FB17EB989F00D1A890 /* AppController.mm */ = {isa = PBXFileReference; fileEncoding = 4; lastKnownFileType = sourcecode.cpp.objcpp; name = AppController.mm; path = ios/AppController.mm; sourceTree = SOURCE_ROOT; };
		503AE0FC17EB989F00D1A890 /* main.m */ = {isa = PBXFileReference; fileEncoding = 4; lastKnownFileType = sourcecode.c.objc; name = main.m; path = ios/main.m; sourceTree = SOURCE_ROOT; };
		503AE0FD17EB989F00D1A890 /* Prefix.pch */ = {isa = PBXFileReference; fileEncoding = 4; lastKnownFileType = sourcecode.c.h; name = Prefix.pch; path = ios/Prefix.pch; sourceTree = SOURCE_ROOT; };
		503AE0FE17EB989F00D1A890 /* RootViewController.h */ = {isa = PBXFileReference; fileEncoding = 4; lastKnownFileType = sourcecode.c.h; name = RootViewController.h; path = ios/RootViewController.h; sourceTree = SOURCE_ROOT; };
		503AE0FF17EB989F00D1A890 /* RootViewController.mm */ = {isa = PBXFileReference; fileEncoding = 4; lastKnownFileType = sourcecode.cpp.objcpp; name = RootViewController.mm; path = ios/RootViewController.mm; sourceTree = SOURCE_ROOT; };
		503AE10317EB98FF00D1A890 /* main.cpp */ = {isa = PBXFileReference; fileEncoding = 4; lastKnownFileType = sourcecode.cpp.cpp; name = main.cpp; path = mac/main.cpp; sourceTree = "<group>"; };
		503AE10417EB98FF00D1A890 /* Prefix.pch */ = {isa = PBXFileReference; fileEncoding = 4; lastKnownFileType = sourcecode.c.h; name = Prefix.pch; path = mac/Prefix.pch; sourceTree = "<group>"; };
		503AE11117EB99EE00D1A890 /* libcurl.dylib */ = {isa = PBXFileReference; lastKnownFileType = "compiled.mach-o.dylib"; name = libcurl.dylib; path = usr/lib/libcurl.dylib; sourceTree = SDKROOT; };
		503AE11A17EB9C5A00D1A890 /* IOKit.framework */ = {isa = PBXFileReference; lastKnownFileType = wrapper.framework; name = IOKit.framework; path = System/Library/Frameworks/IOKit.framework; sourceTree = SDKROOT; };
		5087E76F17EB910900C73F5D /* Komorki.app */ = {isa = PBXFileReference; explicitFileType = wrapper.application; includeInIndex = 0; path = Komorki.app; sourceTree = BUILT_PRODUCTS_DIR; };
		5087E78817EB974C00C73F5D /* AppKit.framework */ = {isa = PBXFileReference; lastKnownFileType = wrapper.framework; name = AppKit.framework; path = System/Library/Frameworks/AppKit.framework; sourceTree = SDKROOT; };
		5087E78A17EB975400C73F5D /* OpenGL.framework */ = {isa = PBXFileReference; lastKnownFileType = wrapper.framework; name = OpenGL.framework; path = System/Library/Frameworks/OpenGL.framework; sourceTree = SDKROOT; };
		521A8EA819F11F5000D177D7 /* fonts */ = {isa = PBXFileReference; lastKnownFileType = folder; path = fonts; sourceTree = "<group>"; };
		52B47A461A53D09B004E4C60 /* Security.framework */ = {isa = PBXFileReference; lastKnownFileType = wrapper.framework; name = Security.framework; path = Platforms/iPhoneOS.platform/Developer/SDKs/iPhoneOS8.1.sdk/System/Library/Frameworks/Security.framework; sourceTree = DEVELOPER_DIR; };
		8F0E4B281BB09B1D00705159 /* example_MultiTexture.fsh */ = {isa = PBXFileReference; fileEncoding = 4; lastKnownFileType = sourcecode.glsl; path = example_MultiTexture.fsh; sourceTree = "<group>"; };
		8F108B161AF820ED00580096 /* GreatPixel.cpp */ = {isa = PBXFileReference; fileEncoding = 4; lastKnownFileType = sourcecode.cpp.cpp; path = GreatPixel.cpp; sourceTree = "<group>"; };
		8F108B191AF8241900580096 /* CellDescriptor.cpp */ = {isa = PBXFileReference; fileEncoding = 4; lastKnownFileType = sourcecode.cpp.cpp; path = CellDescriptor.cpp; sourceTree = "<group>"; };
		8F108B1D1AF8272100580096 /* CellShapes.cpp */ = {isa = PBXFileReference; fileEncoding = 4; lastKnownFileType = sourcecode.cpp.cpp; path = CellShapes.cpp; sourceTree = "<group>"; };
		8F108B1E1AF8272100580096 /* CellShapes.h */ = {isa = PBXFileReference; fileEncoding = 4; lastKnownFileType = sourcecode.c.h; path = CellShapes.h; sourceTree = "<group>"; };
		8F12C2211ADEFF3100C14BBE /* MainMenu.csb */ = {isa = PBXFileReference; lastKnownFileType = file; path = MainMenu.csb; sourceTree = "<group>"; };
		8F12C2221ADEFF3100C14BBE /* button.png */ = {isa = PBXFileReference; lastKnownFileType = image.png; path = button.png; sourceTree = "<group>"; };
		8F12C2231ADEFF3100C14BBE /* buttonDis.png */ = {isa = PBXFileReference; lastKnownFileType = image.png; path = buttonDis.png; sourceTree = "<group>"; };
		8F12C2241ADEFF3100C14BBE /* buttonHl.png */ = {isa = PBXFileReference; lastKnownFileType = image.png; path = buttonHl.png; sourceTree = "<group>"; };
		8F12C2251ADEFF3100C14BBE /* prsv.png */ = {isa = PBXFileReference; lastKnownFileType = image.png; path = prsv.png; sourceTree = "<group>"; };
		8F12C2301ADEFF5300C14BBE /* MainMenu.cpp */ = {isa = PBXFileReference; fileEncoding = 4; lastKnownFileType = sourcecode.cpp.cpp; path = MainMenu.cpp; sourceTree = "<group>"; };
		8F12C2311ADEFF5300C14BBE /* MainMenu.h */ = {isa = PBXFileReference; fileEncoding = 4; lastKnownFileType = sourcecode.c.h; path = MainMenu.h; sourceTree = "<group>"; };
		8F12C2341ADF047100C14BBE /* menuButton_hl.png */ = {isa = PBXFileReference; lastKnownFileType = image.png; path = menuButton_hl.png; sourceTree = "<group>"; };
		8F12C2351ADF047100C14BBE /* menuButton.png */ = {isa = PBXFileReference; lastKnownFileType = image.png; path = menuButton.png; sourceTree = "<group>"; };
		8F12C23B1AE3C6BC00C14BBE /* tinydir.h */ = {isa = PBXFileReference; lastKnownFileType = sourcecode.c.h; path = tinydir.h; sourceTree = "<group>"; };
		8F12C2561AE444E600C14BBE /* IFullScreenMenu.h */ = {isa = PBXFileReference; lastKnownFileType = sourcecode.c.h; path = IFullScreenMenu.h; sourceTree = "<group>"; };
		8F1B88BF1DBAAD9F006F2CAE /* ShapesGenerator.cpp */ = {isa = PBXFileReference; fileEncoding = 4; lastKnownFileType = sourcecode.cpp.cpp; path = ShapesGenerator.cpp; sourceTree = "<group>"; };
		8F1B88C01DBAAD9F006F2CAE /* ShapesGenerator.h */ = {isa = PBXFileReference; fileEncoding = 4; lastKnownFileType = sourcecode.c.h; path = ShapesGenerator.h; sourceTree = "<group>"; };
		8F473DCF1E68BA790030CD52 /* AmorphCellContext.cpp */ = {isa = PBXFileReference; fileEncoding = 4; lastKnownFileType = sourcecode.cpp.cpp; path = AmorphCellContext.cpp; sourceTree = "<group>"; };
		8F473DD01E68BA790030CD52 /* AmorphCellContext.h */ = {isa = PBXFileReference; fileEncoding = 4; lastKnownFileType = sourcecode.c.h; path = AmorphCellContext.h; sourceTree = "<group>"; };
		8F473DD31E68BAF10030CD52 /* CellContext.cpp */ = {isa = PBXFileReference; fileEncoding = 4; lastKnownFileType = sourcecode.cpp.cpp; path = CellContext.cpp; sourceTree = "<group>"; };
		8F473DD41E68BAF10030CD52 /* CellContext.h */ = {isa = PBXFileReference; fileEncoding = 4; lastKnownFileType = sourcecode.c.h; path = CellContext.h; sourceTree = "<group>"; };
		8F473DD71E68C2200030CD52 /* Logging.h */ = {isa = PBXFileReference; fileEncoding = 4; lastKnownFileType = sourcecode.c.h; path = Logging.h; sourceTree = "<group>"; };
		8F48DE5D1AB676B50075D222 /* Random.h */ = {isa = PBXFileReference; fileEncoding = 4; lastKnownFileType = sourcecode.c.h; path = Random.h; sourceTree = "<group>"; };
		8F48DE5E1AB676B50075D222 /* GreatPixel.h */ = {isa = PBXFileReference; fileEncoding = 4; lastKnownFileType = sourcecode.c.h; path = GreatPixel.h; sourceTree = "<group>"; };
		8F48DE5F1AB676B50075D222 /* IPixelWorld.h */ = {isa = PBXFileReference; fileEncoding = 4; lastKnownFileType = sourcecode.c.h; path = IPixelWorld.h; sourceTree = "<group>"; };
		8F48DE611AB676B50075D222 /* MainScene.cpp */ = {isa = PBXFileReference; fileEncoding = 4; lastKnownFileType = sourcecode.cpp.cpp; path = MainScene.cpp; sourceTree = "<group>"; };
		8F48DE621AB676B50075D222 /* MainScene.h */ = {isa = PBXFileReference; fileEncoding = 4; lastKnownFileType = sourcecode.c.h; path = MainScene.h; sourceTree = "<group>"; };
		8F48DE631AB676B50075D222 /* CellDescriptor.h */ = {isa = PBXFileReference; fileEncoding = 4; lastKnownFileType = sourcecode.c.h; path = CellDescriptor.h; sourceTree = "<group>"; };
		8F48DE641AB676B50075D222 /* PixelWorld.cpp */ = {isa = PBXFileReference; fileEncoding = 4; lastKnownFileType = sourcecode.cpp.cpp; path = PixelWorld.cpp; sourceTree = "<group>"; };
		8F48DE651AB676B50075D222 /* PixelWorld.h */ = {isa = PBXFileReference; fileEncoding = 4; lastKnownFileType = sourcecode.c.h; path = PixelWorld.h; sourceTree = "<group>"; };
		8F48DE6C1AB676B50075D222 /* Statistic.hpp */ = {isa = PBXFileReference; fileEncoding = 4; lastKnownFileType = sourcecode.cpp.h; path = Statistic.hpp; sourceTree = "<group>"; };
		8F48DE7C1AB7797B0075D222 /* Images.xcassets */ = {isa = PBXFileReference; lastKnownFileType = folder.assetcatalog; name = Images.xcassets; path = "prsv Mac/Images.xcassets"; sourceTree = SOURCE_ROOT; };
		8F4991FB1DBC0C2D00480F13 /* glow_white.png */ = {isa = PBXFileReference; lastKnownFileType = image.png; path = glow_white.png; sourceTree = "<group>"; };
		8F4991FE1DBC0CCB00480F13 /* StaticLightsSprite.cpp */ = {isa = PBXFileReference; fileEncoding = 4; lastKnownFileType = sourcecode.cpp.cpp; path = StaticLightsSprite.cpp; sourceTree = "<group>"; };
		8F4991FF1DBC0CCB00480F13 /* StaticLightsSprite.h */ = {isa = PBXFileReference; fileEncoding = 4; lastKnownFileType = sourcecode.c.h; path = StaticLightsSprite.h; sourceTree = "<group>"; };
		8F62881D1AD19D8600526404 /* speed1_hl.png */ = {isa = PBXFileReference; lastKnownFileType = image.png; path = speed1_hl.png; sourceTree = "<group>"; };
		8F62881E1AD19D8600526404 /* speed1_sel.png */ = {isa = PBXFileReference; lastKnownFileType = image.png; path = speed1_sel.png; sourceTree = "<group>"; };
		8F62881F1AD19D8600526404 /* speed1.png */ = {isa = PBXFileReference; lastKnownFileType = image.png; path = speed1.png; sourceTree = "<group>"; };
		8F6288201AD19D8600526404 /* speed2_hl.png */ = {isa = PBXFileReference; lastKnownFileType = image.png; path = speed2_hl.png; sourceTree = "<group>"; };
		8F6288211AD19D8600526404 /* speed2_sel.png */ = {isa = PBXFileReference; lastKnownFileType = image.png; path = speed2_sel.png; sourceTree = "<group>"; };
		8F6288221AD19D8600526404 /* speed2.png */ = {isa = PBXFileReference; lastKnownFileType = image.png; path = speed2.png; sourceTree = "<group>"; };
		8F6288231AD19D8600526404 /* speed10_hl.png */ = {isa = PBXFileReference; lastKnownFileType = image.png; path = speed10_hl.png; sourceTree = "<group>"; };
		8F6288241AD19D8600526404 /* speed10_sel.png */ = {isa = PBXFileReference; lastKnownFileType = image.png; path = speed10_sel.png; sourceTree = "<group>"; };
		8F6288251AD19D8600526404 /* speed10.png */ = {isa = PBXFileReference; lastKnownFileType = image.png; path = speed10.png; sourceTree = "<group>"; };
		8F8F528A1B19F295002F47D7 /* StaticLightsLayer.h */ = {isa = PBXFileReference; lastKnownFileType = sourcecode.c.h; path = StaticLightsLayer.h; sourceTree = "<group>"; };
		8F906BBC1ABE099600A8EF90 /* mapBackground.png */ = {isa = PBXFileReference; lastKnownFileType = image.png; path = mapBackground.png; sourceTree = "<group>"; };
		8F906BBF1ABE186500A8EF90 /* CellsLogic.cpp */ = {isa = PBXFileReference; fileEncoding = 4; lastKnownFileType = sourcecode.cpp.cpp; path = CellsLogic.cpp; sourceTree = "<group>"; };
		8F906BC01ABE186500A8EF90 /* CellsLogic.h */ = {isa = PBXFileReference; fileEncoding = 4; lastKnownFileType = sourcecode.c.h; path = CellsLogic.h; sourceTree = "<group>"; };
		8FAC4C021AFE9E06004991B1 /* Common.h */ = {isa = PBXFileReference; lastKnownFileType = sourcecode.c.h; path = Common.h; sourceTree = "<group>"; };
		8FAFB1201ABE33550006A0E7 /* Info.plist */ = {isa = PBXFileReference; fileEncoding = 4; lastKnownFileType = text.plist.xml; name = Info.plist; path = ios/Info.plist; sourceTree = SOURCE_ROOT; };
		8FB7C3E11BA495AE00194722 /* LoadingScene.cpp */ = {isa = PBXFileReference; fileEncoding = 4; lastKnownFileType = sourcecode.cpp.cpp; path = LoadingScene.cpp; sourceTree = "<group>"; };
		8FB7C3E21BA495AE00194722 /* LoadingScene.h */ = {isa = PBXFileReference; fileEncoding = 4; lastKnownFileType = sourcecode.c.h; path = LoadingScene.h; sourceTree = "<group>"; };
		8FB7C3E81BA49E3D00194722 /* font.png */ = {isa = PBXFileReference; lastKnownFileType = image.png; path = font.png; sourceTree = "<group>"; };
		8FB7C3EB1BA4A69500194722 /* AsyncMapLoader.cpp */ = {isa = PBXFileReference; fileEncoding = 4; lastKnownFileType = sourcecode.cpp.cpp; path = AsyncMapLoader.cpp; sourceTree = "<group>"; };
		8FB7C3EC1BA4A69500194722 /* AsyncMapLoader.h */ = {isa = PBXFileReference; fileEncoding = 4; lastKnownFileType = sourcecode.c.h; path = AsyncMapLoader.h; sourceTree = "<group>"; };
		8FB7C3F11BA4D0CC00194722 /* TerrainSprite.h */ = {isa = PBXFileReference; lastKnownFileType = sourcecode.c.h; path = TerrainSprite.h; sourceTree = "<group>"; };
		8FBF24E71DB8CFBE00AE7991 /* CellCanvasSprite.cpp */ = {isa = PBXFileReference; fileEncoding = 4; lastKnownFileType = sourcecode.cpp.cpp; path = CellCanvasSprite.cpp; sourceTree = "<group>"; };
		8FBF24E81DB8CFBE00AE7991 /* CellCanvasSprite.h */ = {isa = PBXFileReference; fileEncoding = 4; lastKnownFileType = sourcecode.c.h; path = CellCanvasSprite.h; sourceTree = "<group>"; };
		8FBF24E91DB8CFBE00AE7991 /* CellShapesHelper.cpp */ = {isa = PBXFileReference; fileEncoding = 4; lastKnownFileType = sourcecode.cpp.cpp; path = CellShapesHelper.cpp; sourceTree = "<group>"; };
		8FBF24EA1DB8CFBE00AE7991 /* CellShapesHelper.h */ = {isa = PBXFileReference; fileEncoding = 4; lastKnownFileType = sourcecode.c.h; path = CellShapesHelper.h; sourceTree = "<group>"; };
		8FBF24F01DB8CFBE00AE7991 /* ObjectContext.cpp */ = {isa = PBXFileReference; fileEncoding = 4; lastKnownFileType = sourcecode.cpp.cpp; path = ObjectContext.cpp; sourceTree = "<group>"; };
		8FBF24F11DB8CFBE00AE7991 /* ObjectContext.h */ = {isa = PBXFileReference; fileEncoding = 4; lastKnownFileType = sourcecode.c.h; path = ObjectContext.h; sourceTree = "<group>"; };
		8FBF24F71DB8CFBE00AE7991 /* SharedUIData.cpp */ = {isa = PBXFileReference; fileEncoding = 4; lastKnownFileType = sourcecode.cpp.cpp; path = SharedUIData.cpp; sourceTree = "<group>"; };
		8FBF24F81DB8CFBE00AE7991 /* SharedUIData.h */ = {isa = PBXFileReference; fileEncoding = 4; lastKnownFileType = sourcecode.c.h; path = SharedUIData.h; sourceTree = "<group>"; };
		8FBF24F91DB8CFBE00AE7991 /* Statistic.h */ = {isa = PBXFileReference; fileEncoding = 4; lastKnownFileType = sourcecode.c.h; path = Statistic.h; sourceTree = "<group>"; };
		8FBF24FA1DB8CFBE00AE7991 /* TestPixelProvider.cpp */ = {isa = PBXFileReference; fileEncoding = 4; lastKnownFileType = sourcecode.cpp.cpp; path = TestPixelProvider.cpp; sourceTree = "<group>"; };
		8FBF24FB1DB8CFBE00AE7991 /* TestPixelProvider.h */ = {isa = PBXFileReference; fileEncoding = 4; lastKnownFileType = sourcecode.c.h; path = TestPixelProvider.h; sourceTree = "<group>"; };
		8FBF24FC1DB8CFBE00AE7991 /* TestSampleShapesScene.cpp */ = {isa = PBXFileReference; fileEncoding = 4; lastKnownFileType = sourcecode.cpp.cpp; path = TestSampleShapesScene.cpp; sourceTree = "<group>"; };
		8FBF24FD1DB8CFBE00AE7991 /* TestSampleShapesScene.h */ = {isa = PBXFileReference; fileEncoding = 4; lastKnownFileType = sourcecode.c.h; path = TestSampleShapesScene.h; sourceTree = "<group>"; };
		8FBF25101DB8D0C400AE7991 /* blank.png */ = {isa = PBXFileReference; lastKnownFileType = image.png; path = blank.png; sourceTree = "<group>"; };
		8FBF251A1DB935E100AE7991 /* ShapeAnalizer.cpp */ = {isa = PBXFileReference; fileEncoding = 4; lastKnownFileType = sourcecode.cpp.cpp; path = ShapeAnalizer.cpp; sourceTree = "<group>"; };
		8FBF251B1DB935E100AE7991 /* ShapeAnalizer.hpp */ = {isa = PBXFileReference; fileEncoding = 4; lastKnownFileType = sourcecode.cpp.h; path = ShapeAnalizer.hpp; sourceTree = "<group>"; };
		8FBF25201DBA882000AE7991 /* GenomsGenerator.cpp */ = {isa = PBXFileReference; fileEncoding = 4; lastKnownFileType = sourcecode.cpp.cpp; path = GenomsGenerator.cpp; sourceTree = "<group>"; };
		8FBF25211DBA882000AE7991 /* GenomsGenerator.h */ = {isa = PBXFileReference; fileEncoding = 4; lastKnownFileType = sourcecode.c.h; path = GenomsGenerator.h; sourceTree = "<group>"; };
		8FBF25241DBA891E00AE7991 /* PixelMap.cpp */ = {isa = PBXFileReference; fileEncoding = 4; lastKnownFileType = sourcecode.cpp.cpp; path = PixelMap.cpp; sourceTree = "<group>"; };
		8FBF25251DBA891E00AE7991 /* PixelMap.hpp */ = {isa = PBXFileReference; fileEncoding = 4; lastKnownFileType = sourcecode.cpp.h; path = PixelMap.hpp; sourceTree = "<group>"; };
		8FC07C3E1E68CB94008780CE /* Genom.h */ = {isa = PBXFileReference; fileEncoding = 4; lastKnownFileType = sourcecode.c.h; path = Genom.h; sourceTree = "<group>"; };
		8FC07C3F1E68CC0A008780CE /* IShape.h */ = {isa = PBXFileReference; fileEncoding = 4; lastKnownFileType = sourcecode.c.h; path = IShape.h; sourceTree = "<group>"; };
		8FC07C441E68CD7E008780CE /* WorldUpdateResult.h */ = {isa = PBXFileReference; fileEncoding = 4; lastKnownFileType = sourcecode.c.h; path = WorldUpdateResult.h; sourceTree = "<group>"; };
		8FC07C451E68CE54008780CE /* WorldUpdateResult.cpp */ = {isa = PBXFileReference; fileEncoding = 4; lastKnownFileType = sourcecode.cpp.cpp; path = WorldUpdateResult.cpp; sourceTree = "<group>"; };
		8FC07C481E68D0F8008780CE /* PartialMap.cpp */ = {isa = PBXFileReference; fileEncoding = 4; lastKnownFileType = sourcecode.cpp.cpp; path = PartialMap.cpp; sourceTree = "<group>"; };
		8FC07C4B1E68D57C008780CE /* libz.tbd */ = {isa = PBXFileReference; lastKnownFileType = "sourcecode.text-based-dylib-definition"; name = libz.tbd; path = usr/lib/libz.tbd; sourceTree = SDKROOT; };
		8FC07C4E1E68D9DF008780CE /* PixelWorldConfig.h */ = {isa = PBXFileReference; fileEncoding = 4; lastKnownFileType = sourcecode.c.h; path = PixelWorldConfig.h; sourceTree = "<group>"; };
		8FC07C551E6B5009008780CE /* PartialMapsManager.cpp */ = {isa = PBXFileReference; fileEncoding = 4; lastKnownFileType = sourcecode.cpp.cpp; path = PartialMapsManager.cpp; sourceTree = "<group>"; };
		8FC07C561E6B5009008780CE /* PartialMapsManager.h */ = {isa = PBXFileReference; fileEncoding = 4; lastKnownFileType = sourcecode.c.h; path = PartialMapsManager.h; sourceTree = "<group>"; };
		8FC07C5B1E6C78BD008780CE /* SpriteBatch.cpp */ = {isa = PBXFileReference; fileEncoding = 4; lastKnownFileType = sourcecode.cpp.cpp; path = SpriteBatch.cpp; sourceTree = "<group>"; };
		8FC07C5C1E6C78BD008780CE /* SpriteBatch.h */ = {isa = PBXFileReference; fileEncoding = 4; lastKnownFileType = sourcecode.c.h; path = SpriteBatch.h; sourceTree = "<group>"; };
		8FDE8CC51B1BCFFB000EE52C /* PhysicalDescriptor.cpp */ = {isa = PBXFileReference; fileEncoding = 4; lastKnownFileType = sourcecode.cpp.cpp; path = PhysicalDescriptor.cpp; sourceTree = "<group>"; };
		8FDE8CC61B1BCFFB000EE52C /* PhysicalDescriptor.h */ = {isa = PBXFileReference; fileEncoding = 4; lastKnownFileType = sourcecode.c.h; path = PhysicalDescriptor.h; sourceTree = "<group>"; };
		8FDE8CC91B232531000EE52C /* ShaderLayer.cpp */ = {isa = PBXFileReference; fileEncoding = 4; lastKnownFileType = sourcecode.cpp.cpp; path = ShaderLayer.cpp; sourceTree = "<group>"; };
		8FDE8CCA1B232531000EE52C /* ShaderLayer.h */ = {isa = PBXFileReference; fileEncoding = 4; lastKnownFileType = sourcecode.c.h; path = ShaderLayer.h; sourceTree = "<group>"; };
		8FDE8CCD1B2325D8000EE52C /* game.glsl */ = {isa = PBXFileReference; fileEncoding = 4; lastKnownFileType = text; path = game.glsl; sourceTree = "<group>"; };
		8FDE8CCE1B2325D8000EE52C /* generic.vsh */ = {isa = PBXFileReference; fileEncoding = 4; lastKnownFileType = sourcecode.glsl; path = generic.vsh; sourceTree = "<group>"; };
		8FDE8CD81B237033000EE52C /* PartialMap.h */ = {isa = PBXFileReference; fileEncoding = 4; lastKnownFileType = sourcecode.c.h; path = PartialMap.h; sourceTree = "<group>"; };
		8FDE8CE11B2378BC000EE52C /* UIConfig.h */ = {isa = PBXFileReference; lastKnownFileType = sourcecode.c.h; path = UIConfig.h; sourceTree = "<group>"; };
		8FDE8CE21B23793E000EE52C /* UIConfig.cpp */ = {isa = PBXFileReference; fileEncoding = 4; lastKnownFileType = sourcecode.cpp.cpp; path = UIConfig.cpp; sourceTree = "<group>"; };
		8FDE8CE51B237A29000EE52C /* UICommon.cpp */ = {isa = PBXFileReference; fileEncoding = 4; lastKnownFileType = sourcecode.cpp.cpp; path = UICommon.cpp; sourceTree = "<group>"; };
		8FDE8CE61B237A29000EE52C /* UICommon.h */ = {isa = PBXFileReference; fileEncoding = 4; lastKnownFileType = sourcecode.c.h; path = UICommon.h; sourceTree = "<group>"; };
		8FDE8CEC1B237DF0000EE52C /* StaticLightsLayer.cpp */ = {isa = PBXFileReference; fileEncoding = 4; lastKnownFileType = sourcecode.cpp.cpp; path = StaticLightsLayer.cpp; sourceTree = "<group>"; };
		8FDE8CEF1B239560000EE52C /* Utilities.h */ = {isa = PBXFileReference; lastKnownFileType = sourcecode.c.h; path = Utilities.h; sourceTree = "<group>"; };
		8FDE8CF01B23AD8A000EE52C /* DynamicLightsLayer.cpp */ = {isa = PBXFileReference; fileEncoding = 4; lastKnownFileType = sourcecode.cpp.cpp; path = DynamicLightsLayer.cpp; sourceTree = "<group>"; };
		8FDE8CF11B23AD8A000EE52C /* DynamicLightsLayer.h */ = {isa = PBXFileReference; fileEncoding = 4; lastKnownFileType = sourcecode.c.h; path = DynamicLightsLayer.h; sourceTree = "<group>"; };
		8FDE8CF41B23B0A6000EE52C /* glow.png */ = {isa = PBXFileReference; lastKnownFileType = image.png; path = glow.png; sourceTree = "<group>"; };
		8FDE8CF71B2447BC000EE52C /* Map.cpp */ = {isa = PBXFileReference; fileEncoding = 4; lastKnownFileType = sourcecode.cpp.cpp; path = Map.cpp; sourceTree = "<group>"; };
		8FDE8CF81B2447BC000EE52C /* Map.h */ = {isa = PBXFileReference; fileEncoding = 4; lastKnownFileType = sourcecode.c.h; path = Map.h; sourceTree = "<group>"; };
		8FDE8CFB1B2462F4000EE52C /* Viewport.cpp */ = {isa = PBXFileReference; fileEncoding = 4; lastKnownFileType = sourcecode.cpp.cpp; path = Viewport.cpp; sourceTree = "<group>"; };
		8FDE8CFC1B2462F4000EE52C /* Viewport.h */ = {isa = PBXFileReference; fileEncoding = 4; lastKnownFileType = sourcecode.c.h; path = Viewport.h; sourceTree = "<group>"; };
		8FEFC74C1AD058FC001E97A7 /* cursor.png */ = {isa = PBXFileReference; lastKnownFileType = image.png; path = cursor.png; sourceTree = "<group>"; };
		8FEFC75E1AD07542001E97A7 /* restartButton_hl.png */ = {isa = PBXFileReference; lastKnownFileType = image.png; path = restartButton_hl.png; sourceTree = "<group>"; };
		8FEFC75F1AD07542001E97A7 /* restartButton.png */ = {isa = PBXFileReference; lastKnownFileType = image.png; path = restartButton.png; sourceTree = "<group>"; };
		8FEFC7831AD173B6001E97A7 /* AsyncPixelWorld.h */ = {isa = PBXFileReference; lastKnownFileType = sourcecode.c.h; path = AsyncPixelWorld.h; sourceTree = "<group>"; };
		8FF2213C1B7BDBF700E911ED /* Common.cpp */ = {isa = PBXFileReference; fileEncoding = 4; lastKnownFileType = sourcecode.cpp.cpp; path = Common.cpp; sourceTree = "<group>"; };
		8FFE7FDF1B9F522C008D2289 /* Buffer2D.h */ = {isa = PBXFileReference; fileEncoding = 4; lastKnownFileType = sourcecode.c.h; path = Buffer2D.h; sourceTree = "<group>"; };
		8FFE7FE01B9F522C008D2289 /* TerrainAnalizer.cpp */ = {isa = PBXFileReference; fileEncoding = 4; lastKnownFileType = sourcecode.cpp.cpp; path = TerrainAnalizer.cpp; sourceTree = "<group>"; };
		8FFE7FE11B9F522D008D2289 /* TerrainAnalizer.h */ = {isa = PBXFileReference; fileEncoding = 4; lastKnownFileType = sourcecode.c.h; path = TerrainAnalizer.h; sourceTree = "<group>"; };
		8FFE7FE21B9F522D008D2289 /* TerrainBatchSprite.cpp */ = {isa = PBXFileReference; fileEncoding = 4; lastKnownFileType = sourcecode.cpp.cpp; path = TerrainBatchSprite.cpp; sourceTree = "<group>"; };
		8FFE7FE31B9F522D008D2289 /* TerrainBatchSprite.h */ = {isa = PBXFileReference; fileEncoding = 4; lastKnownFileType = sourcecode.c.h; path = TerrainBatchSprite.h; sourceTree = "<group>"; };
		8FFE7FE81B9F524B008D2289 /* DiamondSquareGenerator.cpp */ = {isa = PBXFileReference; fileEncoding = 4; lastKnownFileType = sourcecode.cpp.cpp; path = DiamondSquareGenerator.cpp; sourceTree = "<group>"; };
		8FFE7FE91B9F524B008D2289 /* DiamondSquareGenerator.h */ = {isa = PBXFileReference; fileEncoding = 4; lastKnownFileType = sourcecode.c.h; path = DiamondSquareGenerator.h; sourceTree = "<group>"; };
		8FFE7FEC1B9F52B0008D2289 /* ground.png */ = {isa = PBXFileReference; lastKnownFileType = image.png; path = ground.png; sourceTree = "<group>"; };
		BF170DB012928DE900B8313A /* OpenGLES.framework */ = {isa = PBXFileReference; lastKnownFileType = wrapper.framework; name = OpenGLES.framework; path = System/Library/Frameworks/OpenGLES.framework; sourceTree = SDKROOT; };
		BF170DB412928DE900B8313A /* libz.dylib */ = {isa = PBXFileReference; lastKnownFileType = "compiled.mach-o.dylib"; name = libz.dylib; path = usr/lib/libz.dylib; sourceTree = SDKROOT; };
		BF1C47EA1293683800B63C5D /* QuartzCore.framework */ = {isa = PBXFileReference; lastKnownFileType = wrapper.framework; name = QuartzCore.framework; path = System/Library/Frameworks/QuartzCore.framework; sourceTree = SDKROOT; };
		D44C620B132DFF330009C878 /* OpenAL.framework */ = {isa = PBXFileReference; lastKnownFileType = wrapper.framework; name = OpenAL.framework; path = System/Library/Frameworks/OpenAL.framework; sourceTree = SDKROOT; };
		D44C620D132DFF430009C878 /* AVFoundation.framework */ = {isa = PBXFileReference; lastKnownFileType = wrapper.framework; name = AVFoundation.framework; path = System/Library/Frameworks/AVFoundation.framework; sourceTree = SDKROOT; };
		D44C620F132DFF4E0009C878 /* AudioToolbox.framework */ = {isa = PBXFileReference; lastKnownFileType = wrapper.framework; name = AudioToolbox.framework; path = System/Library/Frameworks/AudioToolbox.framework; sourceTree = SDKROOT; };
		D6B0611A1803AB670077942B /* CoreMotion.framework */ = {isa = PBXFileReference; lastKnownFileType = wrapper.framework; name = CoreMotion.framework; path = Platforms/iPhoneOS.platform/Developer/SDKs/iPhoneOS7.0.sdk/System/Library/Frameworks/CoreMotion.framework; sourceTree = DEVELOPER_DIR; };
/* End PBXFileReference section */

/* Begin PBXFrameworksBuildPhase section */
		1D60588F0D05DD3D006BFB54 /* Frameworks */ = {
			isa = PBXFrameworksBuildPhase;
			buildActionMask = 2147483647;
			files = (
				52B47A471A53D09C004E4C60 /* Security.framework in Frameworks */,
				1AC6FB30180E99EB004C840B /* libcocos2d iOS.a in Frameworks */,
				D6B0611B1803AB670077942B /* CoreMotion.framework in Frameworks */,
				1D60589F0D05DD5A006BFB54 /* Foundation.framework in Frameworks */,
				1DF5F4E00D08C38300B7A737 /* UIKit.framework in Frameworks */,
				288765A50DF7441C002DB57D /* CoreGraphics.framework in Frameworks */,
				BF171245129291EC00B8313A /* OpenGLES.framework in Frameworks */,
				BF1712471292920000B8313A /* libz.dylib in Frameworks */,
				BF1C47F01293687400B63C5D /* QuartzCore.framework in Frameworks */,
				D44C620C132DFF330009C878 /* OpenAL.framework in Frameworks */,
				D44C620E132DFF430009C878 /* AVFoundation.framework in Frameworks */,
				D44C6210132DFF4E0009C878 /* AudioToolbox.framework in Frameworks */,
			);
			runOnlyForDeploymentPostprocessing = 0;
		};
		5087E75C17EB910900C73F5D /* Frameworks */ = {
			isa = PBXFrameworksBuildPhase;
			buildActionMask = 2147483647;
			files = (
				8FC07C4C1E68D57C008780CE /* libz.tbd in Frameworks */,
				1AC6FB21180E996B004C840B /* libcocos2d Mac.a in Frameworks */,
				503AE11B17EB9C5A00D1A890 /* IOKit.framework in Frameworks */,
				5087E78B17EB975400C73F5D /* OpenGL.framework in Frameworks */,
				5087E78917EB974C00C73F5D /* AppKit.framework in Frameworks */,
				5087E76317EB910900C73F5D /* Foundation.framework in Frameworks */,
				5087E76817EB910900C73F5D /* QuartzCore.framework in Frameworks */,
				5087E76917EB910900C73F5D /* OpenAL.framework in Frameworks */,
				5087E76A17EB910900C73F5D /* AVFoundation.framework in Frameworks */,
				5087E76B17EB910900C73F5D /* AudioToolbox.framework in Frameworks */,
			);
			runOnlyForDeploymentPostprocessing = 0;
		};
/* End PBXFrameworksBuildPhase section */

/* Begin PBXGroup section */
		080E96DDFE201D6D7F000001 /* ios */ = {
			isa = PBXGroup;
			children = (
				8FAFB1201ABE33550006A0E7 /* Info.plist */,
				503AE0FA17EB989F00D1A890 /* AppController.h */,
				503AE0FB17EB989F00D1A890 /* AppController.mm */,
				503AE0FC17EB989F00D1A890 /* main.m */,
				503AE0FD17EB989F00D1A890 /* Prefix.pch */,
				503AE0FE17EB989F00D1A890 /* RootViewController.h */,
				503AE0FF17EB989F00D1A890 /* RootViewController.mm */,
			);
			name = ios;
			path = Classes;
			sourceTree = "<group>";
		};
		19C28FACFE9D520D11CA2CBB /* Products */ = {
			isa = PBXGroup;
			children = (
				1D6058910D05DD3D006BFB54 /* Komorki iOS.app */,
				5087E76F17EB910900C73F5D /* Komorki.app */,
			);
			name = Products;
			sourceTree = "<group>";
		};
		1AC6FAE6180E9839004C840B /* Products */ = {
			isa = PBXGroup;
			children = (
				1AC6FAF9180E9839004C840B /* libcocos2d Mac.a */,
				1AC6FB07180E9839004C840B /* libcocos2d iOS.a */,
			);
			name = Products;
			sourceTree = "<group>";
		};
		29B97314FDCFA39411CA2CEA /* CustomTemplate */ = {
			isa = PBXGroup;
			children = (
				46880B8319C43A87006E1F66 /* Classes */,
				46880B7519C43A67006E1F66 /* Resources */,
				1AC6FAE5180E9839004C840B /* cocos2d_libs.xcodeproj */,
				29B97323FDCFA39411CA2CEA /* Frameworks */,
				080E96DDFE201D6D7F000001 /* ios */,
				503AE10617EB990700D1A890 /* mac */,
				19C28FACFE9D520D11CA2CBB /* Products */,
			);
			name = CustomTemplate;
			sourceTree = "<group>";
		};
		29B97323FDCFA39411CA2CEA /* Frameworks */ = {
			isa = PBXGroup;
			children = (
				8FC07C4B1E68D57C008780CE /* libz.tbd */,
				52B47A461A53D09B004E4C60 /* Security.framework */,
				D6B0611A1803AB670077942B /* CoreMotion.framework */,
				503AE11A17EB9C5A00D1A890 /* IOKit.framework */,
				503AE11117EB99EE00D1A890 /* libcurl.dylib */,
				5087E78A17EB975400C73F5D /* OpenGL.framework */,
				5087E78817EB974C00C73F5D /* AppKit.framework */,
				1ACB3243164770DE00914215 /* libcurl.a */,
				BF170DB412928DE900B8313A /* libz.dylib */,
				D44C620F132DFF4E0009C878 /* AudioToolbox.framework */,
				D44C620D132DFF430009C878 /* AVFoundation.framework */,
				288765A40DF7441C002DB57D /* CoreGraphics.framework */,
				1D30AB110D05D00D00671497 /* Foundation.framework */,
				D44C620B132DFF330009C878 /* OpenAL.framework */,
				BF170DB012928DE900B8313A /* OpenGLES.framework */,
				BF1C47EA1293683800B63C5D /* QuartzCore.framework */,
				1DF5F4DF0D08C38300B7A737 /* UIKit.framework */,
			);
			name = Frameworks;
			sourceTree = "<group>";
		};
		46880B7519C43A67006E1F66 /* Resources */ = {
			isa = PBXGroup;
			children = (
				8F4991FB1DBC0C2D00480F13 /* glow_white.png */,
				8FBF25101DB8D0C400AE7991 /* blank.png */,
				8F0E4B281BB09B1D00705159 /* example_MultiTexture.fsh */,
				8FB7C3E81BA49E3D00194722 /* font.png */,
				8FFE7FEC1B9F52B0008D2289 /* ground.png */,
				8FDE8CF41B23B0A6000EE52C /* glow.png */,
				8FDE8CCD1B2325D8000EE52C /* game.glsl */,
				8FDE8CCE1B2325D8000EE52C /* generic.vsh */,
				8F12C2341ADF047100C14BBE /* menuButton_hl.png */,
				8F12C2351ADF047100C14BBE /* menuButton.png */,
				8F12C2211ADEFF3100C14BBE /* MainMenu.csb */,
				8F12C2221ADEFF3100C14BBE /* button.png */,
				8F12C2231ADEFF3100C14BBE /* buttonDis.png */,
				8F12C2241ADEFF3100C14BBE /* buttonHl.png */,
				8F12C2251ADEFF3100C14BBE /* prsv.png */,
				8F62881D1AD19D8600526404 /* speed1_hl.png */,
				8F62881E1AD19D8600526404 /* speed1_sel.png */,
				8F62881F1AD19D8600526404 /* speed1.png */,
				8F6288201AD19D8600526404 /* speed2_hl.png */,
				8F6288211AD19D8600526404 /* speed2_sel.png */,
				8F6288221AD19D8600526404 /* speed2.png */,
				8F6288231AD19D8600526404 /* speed10_hl.png */,
				8F6288241AD19D8600526404 /* speed10_sel.png */,
				8F6288251AD19D8600526404 /* speed10.png */,
				8FEFC75E1AD07542001E97A7 /* restartButton_hl.png */,
				8FEFC75F1AD07542001E97A7 /* restartButton.png */,
				8FEFC74C1AD058FC001E97A7 /* cursor.png */,
				8F906BBC1ABE099600A8EF90 /* mapBackground.png */,
				8F48DE7C1AB7797B0075D222 /* Images.xcassets */,
				521A8EA819F11F5000D177D7 /* fonts */,
			);
			name = Resources;
			path = ../Resources;
			sourceTree = "<group>";
		};
		46880B8319C43A87006E1F66 /* Classes */ = {
			isa = PBXGroup;
			children = (
				8FD06A621E69AFA600AB8B21 /* Sprites */,
				8FD06A611E69AEBD00AB8B21 /* Scenes */,
				8F108B1C1AF826B100580096 /* komorki */,
				8FFE7FDD1B9F517D008D2289 /* PartialMap */,
				8FFE7FDE1B9F5192008D2289 /* UI */,
				8FBF251E1DBA237B00AE7991 /* ShapeGenerator */,
				8F48DE6C1AB676B50075D222 /* Statistic.hpp */,
				46880B8419C43A87006E1F66 /* AppDelegate.cpp */,
				46880B8519C43A87006E1F66 /* AppDelegate.h */,
				8FB7C3EB1BA4A69500194722 /* AsyncMapLoader.cpp */,
				8FB7C3EC1BA4A69500194722 /* AsyncMapLoader.h */,
				8F12C23B1AE3C6BC00C14BBE /* tinydir.h */,
				8FBF24F71DB8CFBE00AE7991 /* SharedUIData.cpp */,
				8FBF24F81DB8CFBE00AE7991 /* SharedUIData.h */,
				8FDE8CE11B2378BC000EE52C /* UIConfig.h */,
				8FDE8CE21B23793E000EE52C /* UIConfig.cpp */,
				8FDE8CE51B237A29000EE52C /* UICommon.cpp */,
				8FDE8CE61B237A29000EE52C /* UICommon.h */,
			);
			name = Classes;
			path = ../Classes;
			sourceTree = "<group>";
		};
		503AE0F517EB97AB00D1A890 /* Icons */ = {
			isa = PBXGroup;
			children = (
				503AE0F617EB97AB00D1A890 /* Icon.icns */,
				503AE0F717EB97AB00D1A890 /* Info.plist */,
			);
			name = Icons;
			path = mac;
			sourceTree = SOURCE_ROOT;
		};
		503AE10617EB990700D1A890 /* mac */ = {
			isa = PBXGroup;
			children = (
				503AE0F517EB97AB00D1A890 /* Icons */,
				503AE10317EB98FF00D1A890 /* main.cpp */,
				503AE10417EB98FF00D1A890 /* Prefix.pch */,
			);
			name = mac;
			sourceTree = "<group>";
		};
		8F108B1C1AF826B100580096 /* komorki */ = {
			isa = PBXGroup;
			children = (
				8FC07C531E68E7CD008780CE /* Cells */,
				8FC07C511E68E705008780CE /* Terrain */,
				8FC07C501E68E6BB008780CE /* Genom */,
				8FC07C4F1E68E69F008780CE /* Shapes */,
				8FAB25201B80FBA600F2C0E4 /* Random */,
				8FBF24F91DB8CFBE00AE7991 /* Statistic.h */,
				8F48DE5E1AB676B50075D222 /* GreatPixel.h */,
				8F108B161AF820ED00580096 /* GreatPixel.cpp */,
				8FAC4C021AFE9E06004991B1 /* Common.h */,
				8FF2213C1B7BDBF700E911ED /* Common.cpp */,
				8F48DE5F1AB676B50075D222 /* IPixelWorld.h */,
				8F48DE641AB676B50075D222 /* PixelWorld.cpp */,
				8F48DE651AB676B50075D222 /* PixelWorld.h */,
				8FDE8CC51B1BCFFB000EE52C /* PhysicalDescriptor.cpp */,
				8FDE8CC61B1BCFFB000EE52C /* PhysicalDescriptor.h */,
				8FEFC7831AD173B6001E97A7 /* AsyncPixelWorld.h */,
				8FDE8CEF1B239560000EE52C /* Utilities.h */,
				8FDE8CF71B2447BC000EE52C /* Map.cpp */,
				8FDE8CF81B2447BC000EE52C /* Map.h */,
				8FBF25241DBA891E00AE7991 /* PixelMap.cpp */,
				8FBF25251DBA891E00AE7991 /* PixelMap.hpp */,
				8F473DD71E68C2200030CD52 /* Logging.h */,
				8FC07C441E68CD7E008780CE /* WorldUpdateResult.h */,
				8FC07C451E68CE54008780CE /* WorldUpdateResult.cpp */,
				8FC07C4E1E68D9DF008780CE /* PixelWorldConfig.h */,
				8FFE7FDF1B9F522C008D2289 /* Buffer2D.h */,
				8F48DE5D1AB676B50075D222 /* Random.h */,
				8FBF24FA1DB8CFBE00AE7991 /* TestPixelProvider.cpp */,
				8FBF24FB1DB8CFBE00AE7991 /* TestPixelProvider.h */,
			);
			name = komorki;
			sourceTree = "<group>";
		};
		8FAB25201B80FBA600F2C0E4 /* Random */ = {
			isa = PBXGroup;
			children = (
				8FFE7FE81B9F524B008D2289 /* DiamondSquareGenerator.cpp */,
				8FFE7FE91B9F524B008D2289 /* DiamondSquareGenerator.h */,
			);
			name = Random;
			sourceTree = "<group>";
		};
		8FBF251E1DBA237B00AE7991 /* ShapeGenerator */ = {
			isa = PBXGroup;
			children = (
				8FBF24E71DB8CFBE00AE7991 /* CellCanvasSprite.cpp */,
				8FBF24E81DB8CFBE00AE7991 /* CellCanvasSprite.h */,
				8FBF24FC1DB8CFBE00AE7991 /* TestSampleShapesScene.cpp */,
				8FBF24FD1DB8CFBE00AE7991 /* TestSampleShapesScene.h */,
				8FBF251A1DB935E100AE7991 /* ShapeAnalizer.cpp */,
				8FBF251B1DB935E100AE7991 /* ShapeAnalizer.hpp */,
			);
			name = ShapeGenerator;
			sourceTree = "<group>";
		};
		8FC07C4F1E68E69F008780CE /* Shapes */ = {
			isa = PBXGroup;
			children = (
				8F108B1D1AF8272100580096 /* CellShapes.cpp */,
				8F108B1E1AF8272100580096 /* CellShapes.h */,
				8F1B88BF1DBAAD9F006F2CAE /* ShapesGenerator.cpp */,
				8F1B88C01DBAAD9F006F2CAE /* ShapesGenerator.h */,
				8FC07C3F1E68CC0A008780CE /* IShape.h */,
				8FBF24E91DB8CFBE00AE7991 /* CellShapesHelper.cpp */,
				8FBF24EA1DB8CFBE00AE7991 /* CellShapesHelper.h */,
			);
			name = Shapes;
			sourceTree = "<group>";
		};
		8FC07C501E68E6BB008780CE /* Genom */ = {
			isa = PBXGroup;
			children = (
				8FBF25201DBA882000AE7991 /* GenomsGenerator.cpp */,
				8FBF25211DBA882000AE7991 /* GenomsGenerator.h */,
				8FC07C3E1E68CB94008780CE /* Genom.h */,
			);
			name = Genom;
			sourceTree = "<group>";
		};
		8FC07C511E68E705008780CE /* Terrain */ = {
			isa = PBXGroup;
			children = (
				8FFE7FE01B9F522C008D2289 /* TerrainAnalizer.cpp */,
				8FFE7FE11B9F522D008D2289 /* TerrainAnalizer.h */,
			);
			name = Terrain;
			sourceTree = "<group>";
		};
		8FC07C531E68E7CD008780CE /* Cells */ = {
			isa = PBXGroup;
			children = (
				8F906BC01ABE186500A8EF90 /* CellsLogic.h */,
				8F906BBF1ABE186500A8EF90 /* CellsLogic.cpp */,
				8F48DE631AB676B50075D222 /* CellDescriptor.h */,
				8F108B191AF8241900580096 /* CellDescriptor.cpp */,
			);
			name = Cells;
			sourceTree = "<group>";
		};
		8FD06A611E69AEBD00AB8B21 /* Scenes */ = {
			isa = PBXGroup;
			children = (
				8FB7C3E11BA495AE00194722 /* LoadingScene.cpp */,
				8FB7C3E21BA495AE00194722 /* LoadingScene.h */,
				8F48DE611AB676B50075D222 /* MainScene.cpp */,
				8F48DE621AB676B50075D222 /* MainScene.h */,
			);
			name = Scenes;
			sourceTree = "<group>";
		};
		8FD06A621E69AFA600AB8B21 /* Sprites */ = {
			isa = PBXGroup;
			children = (
				8FFE7FE21B9F522D008D2289 /* TerrainBatchSprite.cpp */,
				8FFE7FE31B9F522D008D2289 /* TerrainBatchSprite.h */,
				8F4991FE1DBC0CCB00480F13 /* StaticLightsSprite.cpp */,
				8F4991FF1DBC0CCB00480F13 /* StaticLightsSprite.h */,
				8FDE8CC91B232531000EE52C /* ShaderLayer.cpp */,
				8FDE8CCA1B232531000EE52C /* ShaderLayer.h */,
			);
			name = Sprites;
			sourceTree = "<group>";
		};
		8FFE7FDD1B9F517D008D2289 /* PartialMap */ = {
			isa = PBXGroup;
			children = (
				8FDE8CFB1B2462F4000EE52C /* Viewport.cpp */,
				8FDE8CFC1B2462F4000EE52C /* Viewport.h */,
				8F8F528A1B19F295002F47D7 /* StaticLightsLayer.h */,
				8FDE8CEC1B237DF0000EE52C /* StaticLightsLayer.cpp */,
				8FDE8CF01B23AD8A000EE52C /* DynamicLightsLayer.cpp */,
				8FDE8CF11B23AD8A000EE52C /* DynamicLightsLayer.h */,
				8FDE8CD81B237033000EE52C /* PartialMap.h */,
				8FC07C481E68D0F8008780CE /* PartialMap.cpp */,
				8FB7C3F11BA4D0CC00194722 /* TerrainSprite.h */,
				8FBF24F01DB8CFBE00AE7991 /* ObjectContext.cpp */,
				8FBF24F11DB8CFBE00AE7991 /* ObjectContext.h */,
				8F473DD01E68BA790030CD52 /* AmorphCellContext.h */,
				8F473DCF1E68BA790030CD52 /* AmorphCellContext.cpp */,
				8F473DD31E68BAF10030CD52 /* CellContext.cpp */,
				8F473DD41E68BAF10030CD52 /* CellContext.h */,
				8FC07C551E6B5009008780CE /* PartialMapsManager.cpp */,
				8FC07C561E6B5009008780CE /* PartialMapsManager.h */,
				8FC07C5B1E6C78BD008780CE /* SpriteBatch.cpp */,
				8FC07C5C1E6C78BD008780CE /* SpriteBatch.h */,
			);
			name = PartialMap;
			sourceTree = "<group>";
		};
		8FFE7FDE1B9F5192008D2289 /* UI */ = {
			isa = PBXGroup;
			children = (
				8F12C2561AE444E600C14BBE /* IFullScreenMenu.h */,
				8F12C2301ADEFF5300C14BBE /* MainMenu.cpp */,
				8F12C2311ADEFF5300C14BBE /* MainMenu.h */,
			);
			name = UI;
			sourceTree = "<group>";
		};
/* End PBXGroup section */

/* Begin PBXNativeTarget section */
		1D6058900D05DD3D006BFB54 /* Komorki iOS */ = {
			isa = PBXNativeTarget;
			buildConfigurationList = 1D6058960D05DD3E006BFB54 /* Build configuration list for PBXNativeTarget "Komorki iOS" */;
			buildPhases = (
				1D60588D0D05DD3D006BFB54 /* Resources */,
				1D60588E0D05DD3D006BFB54 /* Sources */,
				1D60588F0D05DD3D006BFB54 /* Frameworks */,
			);
			buildRules = (
			);
			dependencies = (
				1AC6FB25180E99E1004C840B /* PBXTargetDependency */,
			);
			name = "Komorki iOS";
			productName = iphone;
			productReference = 1D6058910D05DD3D006BFB54 /* Komorki iOS.app */;
			productType = "com.apple.product-type.application";
		};
		5087E73D17EB910900C73F5D /* Komorki */ = {
			isa = PBXNativeTarget;
			buildConfigurationList = 5087E76C17EB910900C73F5D /* Build configuration list for PBXNativeTarget "Komorki" */;
			buildPhases = (
				5087E74817EB910900C73F5D /* Resources */,
				5087E75617EB910900C73F5D /* Sources */,
				5087E75C17EB910900C73F5D /* Frameworks */,
			);
			buildRules = (
			);
			dependencies = (
				1AC6FB16180E9959004C840B /* PBXTargetDependency */,
			);
			name = Komorki;
			productName = iphone;
			productReference = 5087E76F17EB910900C73F5D /* Komorki.app */;
			productType = "com.apple.product-type.application";
		};
/* End PBXNativeTarget section */

/* Begin PBXProject section */
		29B97313FDCFA39411CA2CEA /* Project object */ = {
			isa = PBXProject;
			attributes = {
				LastUpgradeCheck = 0620;
				TargetAttributes = {
					1D6058900D05DD3D006BFB54 = {
						DevelopmentTeam = S75SGCS86L;
					};
				};
			};
			buildConfigurationList = C01FCF4E08A954540054247B /* Build configuration list for PBXProject "Komorki" */;
			compatibilityVersion = "Xcode 3.2";
			developmentRegion = English;
			hasScannedForEncodings = 1;
			knownRegions = (
				English,
				Japanese,
				French,
				German,
			);
			mainGroup = 29B97314FDCFA39411CA2CEA /* CustomTemplate */;
			projectDirPath = "";
			projectReferences = (
				{
					ProductGroup = 1AC6FAE6180E9839004C840B /* Products */;
					ProjectRef = 1AC6FAE5180E9839004C840B /* cocos2d_libs.xcodeproj */;
				},
			);
			projectRoot = "";
			targets = (
				5087E73D17EB910900C73F5D /* Komorki */,
				1D6058900D05DD3D006BFB54 /* Komorki iOS */,
			);
		};
/* End PBXProject section */

/* Begin PBXReferenceProxy section */
		1AC6FAF9180E9839004C840B /* libcocos2d Mac.a */ = {
			isa = PBXReferenceProxy;
			fileType = archive.ar;
			path = "libcocos2d Mac.a";
			remoteRef = 1AC6FAF8180E9839004C840B /* PBXContainerItemProxy */;
			sourceTree = BUILT_PRODUCTS_DIR;
		};
		1AC6FB07180E9839004C840B /* libcocos2d iOS.a */ = {
			isa = PBXReferenceProxy;
			fileType = archive.ar;
			path = "libcocos2d iOS.a";
			remoteRef = 1AC6FB06180E9839004C840B /* PBXContainerItemProxy */;
			sourceTree = BUILT_PRODUCTS_DIR;
		};
/* End PBXReferenceProxy section */

/* Begin PBXResourcesBuildPhase section */
		1D60588D0D05DD3D006BFB54 /* Resources */ = {
			isa = PBXResourcesBuildPhase;
			buildActionMask = 2147483647;
			files = (
				8F62883A1AD19D8600526404 /* speed10.png in Resources */,
				8FBF25121DB8D0C400AE7991 /* blank.png in Resources */,
				8FEFC7681AD07542001E97A7 /* restartButton.png in Resources */,
				8F6288321AD19D8600526404 /* speed2_sel.png in Resources */,
				8FFE7FED1B9F52B0008D2289 /* ground.png in Resources */,
				8F12C22C1ADEFF3100C14BBE /* buttonHl.png in Resources */,
				8F0E4B291BB09B1D00705159 /* example_MultiTexture.fsh in Resources */,
				8F6288301AD19D8600526404 /* speed2_hl.png in Resources */,
				8F62882A1AD19D8600526404 /* speed1_hl.png in Resources */,
				8F12C22E1ADEFF3100C14BBE /* prsv.png in Resources */,
				8FAFB1221ABE35220006A0E7 /* Images.xcassets in Resources */,
				8F12C2381ADF047100C14BBE /* menuButton.png in Resources */,
				8F6288361AD19D8600526404 /* speed10_hl.png in Resources */,
				8FEFC74D1AD058FC001E97A7 /* cursor.png in Resources */,
				8F12C2261ADEFF3100C14BBE /* MainMenu.csb in Resources */,
				8F12C2361ADF047100C14BBE /* menuButton_hl.png in Resources */,
				8FDE8CD11B2325D8000EE52C /* generic.vsh in Resources */,
				8FDE8CCF1B2325D8000EE52C /* game.glsl in Resources */,
				8F6288341AD19D8600526404 /* speed2.png in Resources */,
				8FB7C3E91BA49E3D00194722 /* font.png in Resources */,
				8F12C22A1ADEFF3100C14BBE /* buttonDis.png in Resources */,
				521A8EA919F11F5000D177D7 /* fonts in Resources */,
				8F6288381AD19D8600526404 /* speed10_sel.png in Resources */,
				8F12C2281ADEFF3100C14BBE /* button.png in Resources */,
				8F4991FC1DBC0C2D00480F13 /* glow_white.png in Resources */,
				8F62882C1AD19D8600526404 /* speed1_sel.png in Resources */,
				8FEFC7661AD07542001E97A7 /* restartButton_hl.png in Resources */,
				8F906BBD1ABE099600A8EF90 /* mapBackground.png in Resources */,
				8FDE8CF51B23B0A6000EE52C /* glow.png in Resources */,
				8F62882E1AD19D8600526404 /* speed1.png in Resources */,
			);
			runOnlyForDeploymentPostprocessing = 0;
		};
		5087E74817EB910900C73F5D /* Resources */ = {
			isa = PBXResourcesBuildPhase;
			buildActionMask = 2147483647;
			files = (
				8F6288391AD19D8600526404 /* speed10_sel.png in Resources */,
				8FFE7FEE1B9F52B0008D2289 /* ground.png in Resources */,
				8F48DE7D1AB7797B0075D222 /* Images.xcassets in Resources */,
				503AE0F817EB97AB00D1A890 /* Icon.icns in Resources */,
				8F6288351AD19D8600526404 /* speed2.png in Resources */,
				8F6288371AD19D8600526404 /* speed10_hl.png in Resources */,
				8F12C22F1ADEFF3100C14BBE /* prsv.png in Resources */,
				8FB7C3EA1BA49E3D00194722 /* font.png in Resources */,
				8FEFC74E1AD058FC001E97A7 /* cursor.png in Resources */,
				8F6288311AD19D8600526404 /* speed2_hl.png in Resources */,
				8F12C2271ADEFF3100C14BBE /* MainMenu.csb in Resources */,
				8F6288331AD19D8600526404 /* speed2_sel.png in Resources */,
				8FBF25141DB8D15400AE7991 /* blank.png in Resources */,
				521A8EAA19F11F5000D177D7 /* fonts in Resources */,
				8F12C22D1ADEFF3100C14BBE /* buttonHl.png in Resources */,
				8F12C2291ADEFF3100C14BBE /* button.png in Resources */,
				8F906BBE1ABE099600A8EF90 /* mapBackground.png in Resources */,
				8F62882B1AD19D8600526404 /* speed1_hl.png in Resources */,
				8FDE8CD01B2325D8000EE52C /* game.glsl in Resources */,
				8FDE8CD21B2325D8000EE52C /* generic.vsh in Resources */,
				8FEFC7671AD07542001E97A7 /* restartButton_hl.png in Resources */,
				8FEFC7691AD07542001E97A7 /* restartButton.png in Resources */,
				8F62883B1AD19D8600526404 /* speed10.png in Resources */,
				8F62882F1AD19D8600526404 /* speed1.png in Resources */,
				8FDE8CF61B23B0A6000EE52C /* glow.png in Resources */,
				8F12C2391ADF047100C14BBE /* menuButton.png in Resources */,
				8F12C2371ADF047100C14BBE /* menuButton_hl.png in Resources */,
				8F12C22B1ADEFF3100C14BBE /* buttonDis.png in Resources */,
				8F62882D1AD19D8600526404 /* speed1_sel.png in Resources */,
				8F0E4B2A1BB09B1D00705159 /* example_MultiTexture.fsh in Resources */,
				8F4991FD1DBC0C2D00480F13 /* glow_white.png in Resources */,
			);
			runOnlyForDeploymentPostprocessing = 0;
		};
/* End PBXResourcesBuildPhase section */

/* Begin PBXSourcesBuildPhase section */
		1D60588E0D05DD3D006BFB54 /* Sources */ = {
			isa = PBXSourcesBuildPhase;
			buildActionMask = 2147483647;
			files = (
				8FBF24FE1DB8CFBE00AE7991 /* CellCanvasSprite.cpp in Sources */,
				8FBF25051DB8CFBE00AE7991 /* SharedUIData.cpp in Sources */,
				8F48DE711AB676B50075D222 /* PixelWorld.cpp in Sources */,
				8FDE8CC71B1BCFFB000EE52C /* PhysicalDescriptor.cpp in Sources */,
				8FBF25261DBA891E00AE7991 /* PixelMap.cpp in Sources */,
				8F108B1F1AF8272100580096 /* CellShapes.cpp in Sources */,
				8F906BC11ABE186500A8EF90 /* CellsLogic.cpp in Sources */,
				8FDE8CF21B23AD8A000EE52C /* DynamicLightsLayer.cpp in Sources */,
				8FDE8CED1B237DF0000EE52C /* StaticLightsLayer.cpp in Sources */,
				8FBF24FF1DB8CFBE00AE7991 /* CellShapesHelper.cpp in Sources */,
				8F108B1A1AF8241900580096 /* CellDescriptor.cpp in Sources */,
				8FF2213D1B7BDBF700E911ED /* Common.cpp in Sources */,
				8F48DE6F1AB676B50075D222 /* MainScene.cpp in Sources */,
				8FC07C471E68CE54008780CE /* WorldUpdateResult.cpp in Sources */,
				8FBF251C1DB935E100AE7991 /* ShapeAnalizer.cpp in Sources */,
				8FB7C3ED1BA4A69500194722 /* AsyncMapLoader.cpp in Sources */,
				8FDE8CF91B2447BC000EE52C /* Map.cpp in Sources */,
				46880B8819C43A87006E1F66 /* AppDelegate.cpp in Sources */,
				8FB7C3E31BA495AE00194722 /* LoadingScene.cpp in Sources */,
				8F473DD11E68BA790030CD52 /* AmorphCellContext.cpp in Sources */,
				8FDE8CE31B23793E000EE52C /* UIConfig.cpp in Sources */,
				8FC07C581E6B5009008780CE /* PartialMapsManager.cpp in Sources */,
				8FC07C5E1E6C78BD008780CE /* SpriteBatch.cpp in Sources */,
				8FFE7FE41B9F522D008D2289 /* TerrainAnalizer.cpp in Sources */,
				503AE10017EB989F00D1A890 /* AppController.mm in Sources */,
				503AE10217EB989F00D1A890 /* RootViewController.mm in Sources */,
				8FFE7FE61B9F522D008D2289 /* TerrainBatchSprite.cpp in Sources */,
				8FBF25021DB8CFBE00AE7991 /* ObjectContext.cpp in Sources */,
				8FBF25071DB8CFBE00AE7991 /* TestSampleShapesScene.cpp in Sources */,
				8FDE8CE71B237A29000EE52C /* UICommon.cpp in Sources */,
				503AE10117EB989F00D1A890 /* main.m in Sources */,
				8FBF25221DBA882000AE7991 /* GenomsGenerator.cpp in Sources */,
				8F4992001DBC0CCB00480F13 /* StaticLightsSprite.cpp in Sources */,
				8FC07C5A1E6B6EEB008780CE /* PartialMap.cpp in Sources */,
				8FDE8CCB1B232531000EE52C /* ShaderLayer.cpp in Sources */,
				8F12C2321ADEFF5300C14BBE /* MainMenu.cpp in Sources */,
				8F1B88C11DBAAD9F006F2CAE /* ShapesGenerator.cpp in Sources */,
				8F473DD61E68BAF10030CD52 /* CellContext.cpp in Sources */,
				8FFE7FEA1B9F524B008D2289 /* DiamondSquareGenerator.cpp in Sources */,
				8FDE8CFD1B2462F4000EE52C /* Viewport.cpp in Sources */,
				8F108B171AF820ED00580096 /* GreatPixel.cpp in Sources */,
			);
			runOnlyForDeploymentPostprocessing = 0;
		};
		5087E75617EB910900C73F5D /* Sources */ = {
			isa = PBXSourcesBuildPhase;
			buildActionMask = 2147483647;
			files = (
				8F48DE721AB676B50075D222 /* PixelWorld.cpp in Sources */,
				8F473DD51E68BAF10030CD52 /* CellContext.cpp in Sources */,
				8FBF25081DB8D05000AE7991 /* ObjectContext.cpp in Sources */,
				8F12C2331ADEFF5300C14BBE /* MainMenu.cpp in Sources */,
				8FDE8CCC1B232531000EE52C /* ShaderLayer.cpp in Sources */,
				8FDE8CFA1B2447BC000EE52C /* Map.cpp in Sources */,
				8FBF25231DBA882000AE7991 /* GenomsGenerator.cpp in Sources */,
				8FDE8CC81B1BCFFB000EE52C /* PhysicalDescriptor.cpp in Sources */,
				8FC07C571E6B5009008780CE /* PartialMapsManager.cpp in Sources */,
				8FFE7FE71B9F522D008D2289 /* TerrainBatchSprite.cpp in Sources */,
				8FC07C591E6B6EEB008780CE /* PartialMap.cpp in Sources */,
				46880B8919C43A87006E1F66 /* AppDelegate.cpp in Sources */,
				8FBF250F1DB8D09600AE7991 /* CellCanvasSprite.cpp in Sources */,
				8FFE7FE51B9F522D008D2289 /* TerrainAnalizer.cpp in Sources */,
				8F108B201AF8272100580096 /* CellShapes.cpp in Sources */,
				8FBF250D1DB8D06600AE7991 /* SharedUIData.cpp in Sources */,
				8FC07C5D1E6C78BD008780CE /* SpriteBatch.cpp in Sources */,
				8FB7C3E41BA495AE00194722 /* LoadingScene.cpp in Sources */,
				8F473DD21E68BA790030CD52 /* AmorphCellContext.cpp in Sources */,
				8F1B88C21DBAAD9F006F2CAE /* ShapesGenerator.cpp in Sources */,
				8FBF25271DBA891E00AE7991 /* PixelMap.cpp in Sources */,
				8FF2213E1B7BDBF700E911ED /* Common.cpp in Sources */,
				503AE10517EB98FF00D1A890 /* main.cpp in Sources */,
				8FC07C461E68CE54008780CE /* WorldUpdateResult.cpp in Sources */,
				8FBF250C1DB8D05F00AE7991 /* TestSampleShapesScene.cpp in Sources */,
				8FBF250E1DB8D07600AE7991 /* CellShapesHelper.cpp in Sources */,
				8F48DE701AB676B50075D222 /* MainScene.cpp in Sources */,
				8FBF251D1DB935E100AE7991 /* ShapeAnalizer.cpp in Sources */,
				8FFE7FEB1B9F524B008D2289 /* DiamondSquareGenerator.cpp in Sources */,
				8FDE8CEE1B237DF0000EE52C /* StaticLightsLayer.cpp in Sources */,
				8F108B181AF820ED00580096 /* GreatPixel.cpp in Sources */,
				8FDE8CFE1B2462F4000EE52C /* Viewport.cpp in Sources */,
				8FDE8CE81B237A29000EE52C /* UICommon.cpp in Sources */,
				8F4992011DBC0CCB00480F13 /* StaticLightsSprite.cpp in Sources */,
				8FDE8CE41B23793E000EE52C /* UIConfig.cpp in Sources */,
				8F108B1B1AF8241900580096 /* CellDescriptor.cpp in Sources */,
				8FDE8CF31B23AD8A000EE52C /* DynamicLightsLayer.cpp in Sources */,
				8FB7C3EE1BA4A69500194722 /* AsyncMapLoader.cpp in Sources */,
				8F906BC21ABE186500A8EF90 /* CellsLogic.cpp in Sources */,
			);
			runOnlyForDeploymentPostprocessing = 0;
		};
/* End PBXSourcesBuildPhase section */

/* Begin PBXTargetDependency section */
		1AC6FB16180E9959004C840B /* PBXTargetDependency */ = {
			isa = PBXTargetDependency;
			name = "cocos2dx Mac";
			targetProxy = 1AC6FB15180E9959004C840B /* PBXContainerItemProxy */;
		};
		1AC6FB25180E99E1004C840B /* PBXTargetDependency */ = {
			isa = PBXTargetDependency;
			name = "cocos2dx iOS";
			targetProxy = 1AC6FB24180E99E1004C840B /* PBXContainerItemProxy */;
		};
/* End PBXTargetDependency section */

/* Begin XCBuildConfiguration section */
		1D6058940D05DD3E006BFB54 /* Debug */ = {
			isa = XCBuildConfiguration;
			buildSettings = {
				ALWAYS_SEARCH_USER_PATHS = YES;
				ASSETCATALOG_COMPILER_APPICON_NAME = AppIcon;
				ASSETCATALOG_COMPILER_LAUNCHIMAGE_NAME = LaunchImage;
				CODE_SIGN_IDENTITY = "iPhone Developer";
				COMPRESS_PNG_FILES = NO;
				GCC_DYNAMIC_NO_PIC = NO;
				GCC_INLINES_ARE_PRIVATE_EXTERN = NO;
				GCC_PRECOMPILE_PREFIX_HEADER = YES;
				GCC_PREFIX_HEADER = ios/Prefix.pch;
				GCC_PREPROCESSOR_DEFINITIONS = (
					USE_FILE32API,
					CC_TARGET_OS_IPHONE,
					"CC_ENABLE_CHIPMUNK_INTEGRATION=1",
				);
				GCC_SYMBOLS_PRIVATE_EXTERN = NO;
				HEADER_SEARCH_PATHS = (
					"$(inherited)",
					"$(SRCROOT)/../cocos2d/cocos/platform/ios",
					"$(SRCROOT)/../cocos2d/cocos/platform/ios/Simulation",
				);
				INFOPLIST_FILE = ios/Info.plist;
				IPHONEOS_DEPLOYMENT_TARGET = 5.0;
				LIBRARY_SEARCH_PATHS = "";
				OTHER_LDFLAGS = (
					"$(_COCOS_LIB_IOS_BEGIN)",
					"$(_COCOS_LIB_IOS_END)",
				);
				SDKROOT = iphoneos;
				TARGETED_DEVICE_FAMILY = "1,2";
				USER_HEADER_SEARCH_PATHS = "$(_COCOS_HEADER_IOS_BEGIN) $(_COCOS_HEADER_IOS_END)";
				VALID_ARCHS = "arm64 armv7";
			};
			name = Debug;
		};
		1D6058950D05DD3E006BFB54 /* Release */ = {
			isa = XCBuildConfiguration;
			buildSettings = {
				ALWAYS_SEARCH_USER_PATHS = YES;
				ASSETCATALOG_COMPILER_APPICON_NAME = AppIcon;
				ASSETCATALOG_COMPILER_LAUNCHIMAGE_NAME = LaunchImage;
				CODE_SIGN_IDENTITY = "iPhone Developer";
				COMPRESS_PNG_FILES = NO;
				GCC_INLINES_ARE_PRIVATE_EXTERN = NO;
				GCC_PRECOMPILE_PREFIX_HEADER = YES;
				GCC_PREFIX_HEADER = ios/Prefix.pch;
				GCC_PREPROCESSOR_DEFINITIONS = (
					USE_FILE32API,
					CC_TARGET_OS_IPHONE,
					"CC_ENABLE_CHIPMUNK_INTEGRATION=1",
				);
				GCC_SYMBOLS_PRIVATE_EXTERN = NO;
				HEADER_SEARCH_PATHS = (
					"$(inherited)",
					"$(SRCROOT)/../cocos2d/cocos/platform/ios",
					"$(SRCROOT)/../cocos2d/cocos/platform/ios/Simulation",
				);
				INFOPLIST_FILE = ios/Info.plist;
				IPHONEOS_DEPLOYMENT_TARGET = 5.0;
				LIBRARY_SEARCH_PATHS = "";
				OTHER_LDFLAGS = (
					"$(_COCOS_LIB_IOS_BEGIN)",
					"$(_COCOS_LIB_IOS_END)",
				);
				SDKROOT = iphoneos;
				TARGETED_DEVICE_FAMILY = "1,2";
				USER_HEADER_SEARCH_PATHS = "$(_COCOS_HEADER_IOS_BEGIN) $(_COCOS_HEADER_IOS_END)";
				VALID_ARCHS = "arm64 armv7";
			};
			name = Release;
		};
		5087E76D17EB910900C73F5D /* Debug */ = {
			isa = XCBuildConfiguration;
			buildSettings = {
				ALWAYS_SEARCH_USER_PATHS = YES;
				ASSETCATALOG_COMPILER_APPICON_NAME = MacIcon;
				CLANG_CXX_LANGUAGE_STANDARD = "c++0x";
				CLANG_CXX_LIBRARY = "libc++";
				COMBINE_HIDPI_IMAGES = YES;
				GCC_DYNAMIC_NO_PIC = NO;
				GCC_INLINES_ARE_PRIVATE_EXTERN = NO;
				GCC_PRECOMPILE_PREFIX_HEADER = YES;
				GCC_PREFIX_HEADER = mac/Prefix.pch;
				GCC_PREPROCESSOR_DEFINITIONS = "";
				GCC_SYMBOLS_PRIVATE_EXTERN = NO;
				HEADER_SEARCH_PATHS = (
					"$(inherited)",
					"$(SRCROOT)/../cocos2d/cocos/platform/mac",
					"$(SRCROOT)/../cocos2d/external/glfw3/include/mac",
					"$(SRCROOT)/../cocos2d/cocos/ui/**",
				);
				INFOPLIST_FILE = mac/Info.plist;
				LIBRARY_SEARCH_PATHS = "";
				OTHER_LDFLAGS = (
					"$(_COCOS_LIB_MAC_BEGIN)",
					"$(_COCOS_LIB_MAC_END)",
				);
				USER_HEADER_SEARCH_PATHS = "$(_COCOS_HEADER_MAC_BEGIN) $(_COCOS_HEADER_MAC_END)";
			};
			name = Debug;
		};
		5087E76E17EB910900C73F5D /* Release */ = {
			isa = XCBuildConfiguration;
			buildSettings = {
				ALWAYS_SEARCH_USER_PATHS = YES;
				ASSETCATALOG_COMPILER_APPICON_NAME = MacIcon;
				CLANG_CXX_LANGUAGE_STANDARD = "c++0x";
				CLANG_CXX_LIBRARY = "libc++";
				COMBINE_HIDPI_IMAGES = YES;
				DEAD_CODE_STRIPPING = YES;
				GCC_INLINES_ARE_PRIVATE_EXTERN = NO;
				GCC_PRECOMPILE_PREFIX_HEADER = YES;
				GCC_PREFIX_HEADER = mac/Prefix.pch;
				GCC_PREPROCESSOR_DEFINITIONS = "";
				GCC_SYMBOLS_PRIVATE_EXTERN = NO;
				HEADER_SEARCH_PATHS = (
					"$(inherited)",
					"$(SRCROOT)/../cocos2d/cocos/platform/mac",
					"$(SRCROOT)/../cocos2d/external/glfw3/include/mac",
					"$(SRCROOT)/../cocos2d/cocos/ui/**",
				);
				INFOPLIST_FILE = mac/Info.plist;
				LIBRARY_SEARCH_PATHS = "";
				OTHER_LDFLAGS = (
					"$(_COCOS_LIB_MAC_BEGIN)",
					"$(_COCOS_LIB_MAC_END)",
				);
				USER_HEADER_SEARCH_PATHS = "$(_COCOS_HEADER_MAC_BEGIN) $(_COCOS_HEADER_MAC_END)";
			};
			name = Release;
		};
		C01FCF4F08A954540054247B /* Debug */ = {
			isa = XCBuildConfiguration;
			buildSettings = {
				CLANG_CXX_LANGUAGE_STANDARD = "c++0x";
				CLANG_CXX_LIBRARY = "libc++";
				COPY_PHASE_STRIP = NO;
				GCC_OPTIMIZATION_LEVEL = 0;
				GCC_PREPROCESSOR_DEFINITIONS = "";
				GCC_WARN_ABOUT_RETURN_TYPE = YES;
				GCC_WARN_UNUSED_VARIABLE = YES;
				HEADER_SEARCH_PATHS = (
					"$(SRCROOT)/../cocos2d",
					"$(SRCROOT)/../cocos2d/cocos",
					"$(SRCROOT)/../cocos2d/cocos/base",
					"$(SRCROOT)/../cocos2d/cocos/physics",
					"$(SRCROOT)/../cocos2d/cocos/math",
					"$(SRCROOT)/../cocos2d/cocos/2d",
					"$(SRCROOT)/../cocos2d/cocos/ui",
					"$(SRCROOT)/../cocos2d/cocos/network",
					"$(SRCROOT)/../cocos2d/cocos/audio/include",
					"$(SRCROOT)/../cocos2d/cocos/editor-support",
					"$(SRCROOT)/../cocos2d/extensions",
					"$(SRCROOT)/../cocos2d/external",
					"$(SRCROOT)/../cocos2d/external/chipmunk/include/chipmunk",
				);
				MACOSX_DEPLOYMENT_TARGET = 10.7;
				ONLY_ACTIVE_ARCH = YES;
				PRODUCT_NAME = "$(TARGET_NAME)";
				SDKROOT = macosx;
			};
			name = Debug;
		};
		C01FCF5008A954540054247B /* Release */ = {
			isa = XCBuildConfiguration;
			buildSettings = {
				CLANG_CXX_LANGUAGE_STANDARD = "c++0x";
				CLANG_CXX_LIBRARY = "libc++";
				GCC_PREPROCESSOR_DEFINITIONS = "";
				GCC_WARN_ABOUT_RETURN_TYPE = YES;
				GCC_WARN_UNUSED_VARIABLE = YES;
				HEADER_SEARCH_PATHS = (
					"$(SRCROOT)/../cocos2d",
					"$(SRCROOT)/../cocos2d/cocos",
					"$(SRCROOT)/../cocos2d/cocos/base",
					"$(SRCROOT)/../cocos2d/cocos/physics",
					"$(SRCROOT)/../cocos2d/cocos/math",
					"$(SRCROOT)/../cocos2d/cocos/2d",
					"$(SRCROOT)/../cocos2d/cocos/ui",
					"$(SRCROOT)/../cocos2d/cocos/network",
					"$(SRCROOT)/../cocos2d/cocos/audio/include",
					"$(SRCROOT)/../cocos2d/cocos/editor-support",
					"$(SRCROOT)/../cocos2d/extensions",
					"$(SRCROOT)/../cocos2d/external",
					"$(SRCROOT)/../cocos2d/external/chipmunk/include/chipmunk",
				);
				MACOSX_DEPLOYMENT_TARGET = 10.7;
				OTHER_CFLAGS = "-DNS_BLOCK_ASSERTIONS=1";
				PRODUCT_NAME = "$(TARGET_NAME)";
				SDKROOT = macosx;
				VALIDATE_PRODUCT = YES;
			};
			name = Release;
		};
/* End XCBuildConfiguration section */

/* Begin XCConfigurationList section */
		1D6058960D05DD3E006BFB54 /* Build configuration list for PBXNativeTarget "Komorki iOS" */ = {
			isa = XCConfigurationList;
			buildConfigurations = (
				1D6058940D05DD3E006BFB54 /* Debug */,
				1D6058950D05DD3E006BFB54 /* Release */,
			);
			defaultConfigurationIsVisible = 0;
			defaultConfigurationName = Debug;
		};
		5087E76C17EB910900C73F5D /* Build configuration list for PBXNativeTarget "Komorki" */ = {
			isa = XCConfigurationList;
			buildConfigurations = (
				5087E76D17EB910900C73F5D /* Debug */,
				5087E76E17EB910900C73F5D /* Release */,
			);
			defaultConfigurationIsVisible = 0;
			defaultConfigurationName = Debug;
		};
		C01FCF4E08A954540054247B /* Build configuration list for PBXProject "Komorki" */ = {
			isa = XCConfigurationList;
			buildConfigurations = (
				C01FCF4F08A954540054247B /* Debug */,
				C01FCF5008A954540054247B /* Release */,
			);
			defaultConfigurationIsVisible = 0;
			defaultConfigurationName = Debug;
		};
/* End XCConfigurationList section */
	};
	rootObject = 29B97313FDCFA39411CA2CEA /* Project object */;
}
